// !$*UTF8*$!
{
	archiveVersion = 1;
	classes = {
	};
	objectVersion = 55;
	objects = {

/* Begin PBXBuildFile section */
		50D2D474AA1F2253F62587E9 /* Pods_30th_Instagram.framework in Frameworks */ = {isa = PBXBuildFile; fileRef = 808CFD3B47402B6C9B06F038 /* Pods_30th_Instagram.framework */; };
		F275BC0927FF5FB200145181 /* AppDelegate.swift in Sources */ = {isa = PBXBuildFile; fileRef = F275BC0827FF5FB200145181 /* AppDelegate.swift */; };
		F275BC0B27FF5FB200145181 /* SceneDelegate.swift in Sources */ = {isa = PBXBuildFile; fileRef = F275BC0A27FF5FB200145181 /* SceneDelegate.swift */; };
		F275BC0D27FF5FB200145181 /* ViewController.swift in Sources */ = {isa = PBXBuildFile; fileRef = F275BC0C27FF5FB200145181 /* ViewController.swift */; };
		F275BC1027FF5FB200145181 /* Main.storyboard in Resources */ = {isa = PBXBuildFile; fileRef = F275BC0E27FF5FB200145181 /* Main.storyboard */; };
		F275BC1227FF5FB500145181 /* Assets.xcassets in Resources */ = {isa = PBXBuildFile; fileRef = F275BC1127FF5FB500145181 /* Assets.xcassets */; };
		F275BC1527FF5FB500145181 /* LaunchScreen.storyboard in Resources */ = {isa = PBXBuildFile; fileRef = F275BC1327FF5FB500145181 /* LaunchScreen.storyboard */; };
/* End PBXBuildFile section */

/* Begin PBXFileReference section */
		55183FC4FE0DC999803F4788 /* Pods-30th_Instagram.debug.xcconfig */ = {isa = PBXFileReference; includeInIndex = 1; lastKnownFileType = text.xcconfig; name = "Pods-30th_Instagram.debug.xcconfig"; path = "Target Support Files/Pods-30th_Instagram/Pods-30th_Instagram.debug.xcconfig"; sourceTree = "<group>"; };
		808CFD3B47402B6C9B06F038 /* Pods_30th_Instagram.framework */ = {isa = PBXFileReference; explicitFileType = wrapper.framework; includeInIndex = 0; path = Pods_30th_Instagram.framework; sourceTree = BUILT_PRODUCTS_DIR; };
		D04D7EA948A79FB9DFD31237 /* Pods-30th_Instagram.release.xcconfig */ = {isa = PBXFileReference; includeInIndex = 1; lastKnownFileType = text.xcconfig; name = "Pods-30th_Instagram.release.xcconfig"; path = "Target Support Files/Pods-30th_Instagram/Pods-30th_Instagram.release.xcconfig"; sourceTree = "<group>"; };
		F275BC0527FF5FB200145181 /* 30th_Instagram.app */ = {isa = PBXFileReference; explicitFileType = wrapper.application; includeInIndex = 0; path = 30th_Instagram.app; sourceTree = BUILT_PRODUCTS_DIR; };
		F275BC0827FF5FB200145181 /* AppDelegate.swift */ = {isa = PBXFileReference; lastKnownFileType = sourcecode.swift; path = AppDelegate.swift; sourceTree = "<group>"; };
		F275BC0A27FF5FB200145181 /* SceneDelegate.swift */ = {isa = PBXFileReference; lastKnownFileType = sourcecode.swift; path = SceneDelegate.swift; sourceTree = "<group>"; };
		F275BC0C27FF5FB200145181 /* ViewController.swift */ = {isa = PBXFileReference; lastKnownFileType = sourcecode.swift; path = ViewController.swift; sourceTree = "<group>"; };
		F275BC0F27FF5FB200145181 /* Base */ = {isa = PBXFileReference; lastKnownFileType = file.storyboard; name = Base; path = Base.lproj/Main.storyboard; sourceTree = "<group>"; };
		F275BC1127FF5FB500145181 /* Assets.xcassets */ = {isa = PBXFileReference; lastKnownFileType = folder.assetcatalog; path = Assets.xcassets; sourceTree = "<group>"; };
		F275BC1427FF5FB500145181 /* Base */ = {isa = PBXFileReference; lastKnownFileType = file.storyboard; name = Base; path = Base.lproj/LaunchScreen.storyboard; sourceTree = "<group>"; };
		F275BC1627FF5FB500145181 /* Info.plist */ = {isa = PBXFileReference; lastKnownFileType = text.plist.xml; path = Info.plist; sourceTree = "<group>"; };
/* End PBXFileReference section */

/* Begin PBXFrameworksBuildPhase section */
		F275BC0227FF5FB200145181 /* Frameworks */ = {
			isa = PBXFrameworksBuildPhase;
			buildActionMask = 2147483647;
			files = (
				50D2D474AA1F2253F62587E9 /* Pods_30th_Instagram.framework in Frameworks */,
			);
			runOnlyForDeploymentPostprocessing = 0;
		};
/* End PBXFrameworksBuildPhase section */

/* Begin PBXGroup section */
		1592F9BB7F301BFA0C4567F0 /* Pods */ = {
			isa = PBXGroup;
			children = (
				55183FC4FE0DC999803F4788 /* Pods-30th_Instagram.debug.xcconfig */,
				D04D7EA948A79FB9DFD31237 /* Pods-30th_Instagram.release.xcconfig */,
			);
			name = Pods;
			path = Pods;
			sourceTree = "<group>";
		};
		F275BBFC27FF5FB200145181 = {
			isa = PBXGroup;
			children = (
				F275BC0727FF5FB200145181 /* 30th_Instagram */,
				F275BC0627FF5FB200145181 /* Products */,
				1592F9BB7F301BFA0C4567F0 /* Pods */,
				FE51D548CBF9B137F5780FDE /* Frameworks */,
			);
			sourceTree = "<group>";
		};
		F275BC0627FF5FB200145181 /* Products */ = {
			isa = PBXGroup;
			children = (
				F275BC0527FF5FB200145181 /* 30th_Instagram.app */,
			);
			name = Products;
			sourceTree = "<group>";
		};
		F275BC0727FF5FB200145181 /* 30th_Instagram */ = {
			isa = PBXGroup;
			children = (
				F275BC0827FF5FB200145181 /* AppDelegate.swift */,
				F275BC0A27FF5FB200145181 /* SceneDelegate.swift */,
				F275BC0C27FF5FB200145181 /* ViewController.swift */,
				F275BC0E27FF5FB200145181 /* Main.storyboard */,
				F275BC1127FF5FB500145181 /* Assets.xcassets */,
				F275BC1327FF5FB500145181 /* LaunchScreen.storyboard */,
				F275BC1627FF5FB500145181 /* Info.plist */,
			);
			path = 30th_Instagram;
			sourceTree = "<group>";
		};
		FE51D548CBF9B137F5780FDE /* Frameworks */ = {
			isa = PBXGroup;
			children = (
				808CFD3B47402B6C9B06F038 /* Pods_30th_Instagram.framework */,
			);
			name = Frameworks;
			sourceTree = "<group>";
		};
/* End PBXGroup section */

/* Begin PBXNativeTarget section */
		F275BC0427FF5FB200145181 /* 30th_Instagram */ = {
			isa = PBXNativeTarget;
			buildConfigurationList = F275BC1927FF5FB500145181 /* Build configuration list for PBXNativeTarget "30th_Instagram" */;
			buildPhases = (
				1B60AA185FA18D2EAA9D98DB /* [CP] Check Pods Manifest.lock */,
				F275BC0127FF5FB200145181 /* Sources */,
				F275BC0227FF5FB200145181 /* Frameworks */,
				F275BC0327FF5FB200145181 /* Resources */,
				E3BCD1D085459B8574F49E10 /* [CP] Embed Pods Frameworks */,
			);
			buildRules = (
			);
			dependencies = (
			);
			name = 30th_Instagram;
			productName = 30th_Instagram;
			productReference = F275BC0527FF5FB200145181 /* 30th_Instagram.app */;
			productType = "com.apple.product-type.application";
		};
/* End PBXNativeTarget section */

/* Begin PBXProject section */
		F275BBFD27FF5FB200145181 /* Project object */ = {
			isa = PBXProject;
			attributes = {
				BuildIndependentTargetsInParallel = 1;
				LastSwiftUpdateCheck = 1330;
				LastUpgradeCheck = 1330;
				TargetAttributes = {
					F275BC0427FF5FB200145181 = {
						CreatedOnToolsVersion = 13.3;
					};
				};
			};
			buildConfigurationList = F275BC0027FF5FB200145181 /* Build configuration list for PBXProject "30th_Instagram" */;
			compatibilityVersion = "Xcode 13.0";
			developmentRegion = en;
			hasScannedForEncodings = 0;
			knownRegions = (
				en,
				Base,
			);
			mainGroup = F275BBFC27FF5FB200145181;
			productRefGroup = F275BC0627FF5FB200145181 /* Products */;
			projectDirPath = "";
			projectRoot = "";
			targets = (
				F275BC0427FF5FB200145181 /* 30th_Instagram */,
			);
		};
/* End PBXProject section */

/* Begin PBXResourcesBuildPhase section */
		F275BC0327FF5FB200145181 /* Resources */ = {
			isa = PBXResourcesBuildPhase;
			buildActionMask = 2147483647;
			files = (
				F275BC1527FF5FB500145181 /* LaunchScreen.storyboard in Resources */,
				F275BC1227FF5FB500145181 /* Assets.xcassets in Resources */,
				F275BC1027FF5FB200145181 /* Main.storyboard in Resources */,
			);
			runOnlyForDeploymentPostprocessing = 0;
		};
/* End PBXResourcesBuildPhase section */

/* Begin PBXShellScriptBuildPhase section */
		1B60AA185FA18D2EAA9D98DB /* [CP] Check Pods Manifest.lock */ = {
			isa = PBXShellScriptBuildPhase;
			buildActionMask = 2147483647;
			files = (
			);
			inputFileListPaths = (
			);
			inputPaths = (
				"${PODS_PODFILE_DIR_PATH}/Podfile.lock",
				"${PODS_ROOT}/Manifest.lock",
			);
			name = "[CP] Check Pods Manifest.lock";
			outputFileListPaths = (
			);
			outputPaths = (
				"$(DERIVED_FILE_DIR)/Pods-30th_Instagram-checkManifestLockResult.txt",
			);
			runOnlyForDeploymentPostprocessing = 0;
			shellPath = /bin/sh;
			shellScript = "diff \"${PODS_PODFILE_DIR_PATH}/Podfile.lock\" \"${PODS_ROOT}/Manifest.lock\" > /dev/null\nif [ $? != 0 ] ; then\n    # print error to STDERR\n    echo \"error: The sandbox is not in sync with the Podfile.lock. Run 'pod install' or update your CocoaPods installation.\" >&2\n    exit 1\nfi\n# This output is used by Xcode 'outputs' to avoid re-running this script phase.\necho \"SUCCESS\" > \"${SCRIPT_OUTPUT_FILE_0}\"\n";
			showEnvVarsInLog = 0;
		};
		E3BCD1D085459B8574F49E10 /* [CP] Embed Pods Frameworks */ = {
			isa = PBXShellScriptBuildPhase;
			buildActionMask = 2147483647;
			files = (
			);
			inputFileListPaths = (
				"${PODS_ROOT}/Target Support Files/Pods-30th_Instagram/Pods-30th_Instagram-frameworks-${CONFIGURATION}-input-files.xcfilelist",
			);
			name = "[CP] Embed Pods Frameworks";
			outputFileListPaths = (
				"${PODS_ROOT}/Target Support Files/Pods-30th_Instagram/Pods-30th_Instagram-frameworks-${CONFIGURATION}-output-files.xcfilelist",
			);
			runOnlyForDeploymentPostprocessing = 0;
			shellPath = /bin/sh;
			shellScript = "\"${PODS_ROOT}/Target Support Files/Pods-30th_Instagram/Pods-30th_Instagram-frameworks.sh\"\n";
			showEnvVarsInLog = 0;
		};
/* End PBXShellScriptBuildPhase section */

/* Begin PBXSourcesBuildPhase section */
		F275BC0127FF5FB200145181 /* Sources */ = {
			isa = PBXSourcesBuildPhase;
			buildActionMask = 2147483647;
			files = (
				F275BC0D27FF5FB200145181 /* ViewController.swift in Sources */,
				F275BC0927FF5FB200145181 /* AppDelegate.swift in Sources */,
				F275BC0B27FF5FB200145181 /* SceneDelegate.swift in Sources */,
			);
			runOnlyForDeploymentPostprocessing = 0;
		};
/* End PBXSourcesBuildPhase section */

/* Begin PBXVariantGroup section */
		F275BC0E27FF5FB200145181 /* Main.storyboard */ = {
			isa = PBXVariantGroup;
			children = (
				F275BC0F27FF5FB200145181 /* Base */,
			);
			name = Main.storyboard;
			sourceTree = "<group>";
		};
		F275BC1327FF5FB500145181 /* LaunchScreen.storyboard */ = {
			isa = PBXVariantGroup;
			children = (
				F275BC1427FF5FB500145181 /* Base */,
			);
			name = LaunchScreen.storyboard;
			sourceTree = "<group>";
		};
/* End PBXVariantGroup section */

/* Begin XCBuildConfiguration section */
		F275BC1727FF5FB500145181 /* Debug */ = {
			isa = XCBuildConfiguration;
			buildSettings = {
				ALWAYS_SEARCH_USER_PATHS = NO;
				CLANG_ANALYZER_NONNULL = YES;
				CLANG_ANALYZER_NUMBER_OBJECT_CONVERSION = YES_AGGRESSIVE;
				CLANG_CXX_LANGUAGE_STANDARD = "gnu++17";
				CLANG_ENABLE_MODULES = YES;
				CLANG_ENABLE_OBJC_ARC = YES;
				CLANG_ENABLE_OBJC_WEAK = YES;
				CLANG_WARN_BLOCK_CAPTURE_AUTORELEASING = YES;
				CLANG_WARN_BOOL_CONVERSION = YES;
				CLANG_WARN_COMMA = YES;
				CLANG_WARN_CONSTANT_CONVERSION = YES;
				CLANG_WARN_DEPRECATED_OBJC_IMPLEMENTATIONS = YES;
				CLANG_WARN_DIRECT_OBJC_ISA_USAGE = YES_ERROR;
				CLANG_WARN_DOCUMENTATION_COMMENTS = YES;
				CLANG_WARN_EMPTY_BODY = YES;
				CLANG_WARN_ENUM_CONVERSION = YES;
				CLANG_WARN_INFINITE_RECURSION = YES;
				CLANG_WARN_INT_CONVERSION = YES;
				CLANG_WARN_NON_LITERAL_NULL_CONVERSION = YES;
				CLANG_WARN_OBJC_IMPLICIT_RETAIN_SELF = YES;
				CLANG_WARN_OBJC_LITERAL_CONVERSION = YES;
				CLANG_WARN_OBJC_ROOT_CLASS = YES_ERROR;
				CLANG_WARN_QUOTED_INCLUDE_IN_FRAMEWORK_HEADER = YES;
				CLANG_WARN_RANGE_LOOP_ANALYSIS = YES;
				CLANG_WARN_STRICT_PROTOTYPES = YES;
				CLANG_WARN_SUSPICIOUS_MOVE = YES;
				CLANG_WARN_UNGUARDED_AVAILABILITY = YES_AGGRESSIVE;
				CLANG_WARN_UNREACHABLE_CODE = YES;
				CLANG_WARN__DUPLICATE_METHOD_MATCH = YES;
				COPY_PHASE_STRIP = NO;
				DEBUG_INFORMATION_FORMAT = dwarf;
				ENABLE_STRICT_OBJC_MSGSEND = YES;
				ENABLE_TESTABILITY = YES;
				GCC_C_LANGUAGE_STANDARD = gnu11;
				GCC_DYNAMIC_NO_PIC = NO;
				GCC_NO_COMMON_BLOCKS = YES;
				GCC_OPTIMIZATION_LEVEL = 0;
				GCC_PREPROCESSOR_DEFINITIONS = (
					"DEBUG=1",
					"$(inherited)",
				);
				GCC_WARN_64_TO_32_BIT_CONVERSION = YES;
				GCC_WARN_ABOUT_RETURN_TYPE = YES_ERROR;
				GCC_WARN_UNDECLARED_SELECTOR = YES;
				GCC_WARN_UNINITIALIZED_AUTOS = YES_AGGRESSIVE;
				GCC_WARN_UNUSED_FUNCTION = YES;
				GCC_WARN_UNUSED_VARIABLE = YES;
				IPHONEOS_DEPLOYMENT_TARGET = 15.4;
				MTL_ENABLE_DEBUG_INFO = INCLUDE_SOURCE;
				MTL_FAST_MATH = YES;
				ONLY_ACTIVE_ARCH = YES;
				SDKROOT = iphoneos;
				SWIFT_ACTIVE_COMPILATION_CONDITIONS = DEBUG;
				SWIFT_OPTIMIZATION_LEVEL = "-Onone";
			};
			name = Debug;
		};
		F275BC1827FF5FB500145181 /* Release */ = {
			isa = XCBuildConfiguration;
			buildSettings = {
				ALWAYS_SEARCH_USER_PATHS = NO;
				CLANG_ANALYZER_NONNULL = YES;
				CLANG_ANALYZER_NUMBER_OBJECT_CONVERSION = YES_AGGRESSIVE;
				CLANG_CXX_LANGUAGE_STANDARD = "gnu++17";
				CLANG_ENABLE_MODULES = YES;
				CLANG_ENABLE_OBJC_ARC = YES;
				CLANG_ENABLE_OBJC_WEAK = YES;
				CLANG_WARN_BLOCK_CAPTURE_AUTORELEASING = YES;
				CLANG_WARN_BOOL_CONVERSION = YES;
				CLANG_WARN_COMMA = YES;
				CLANG_WARN_CONSTANT_CONVERSION = YES;
				CLANG_WARN_DEPRECATED_OBJC_IMPLEMENTATIONS = YES;
				CLANG_WARN_DIRECT_OBJC_ISA_USAGE = YES_ERROR;
				CLANG_WARN_DOCUMENTATION_COMMENTS = YES;
				CLANG_WARN_EMPTY_BODY = YES;
				CLANG_WARN_ENUM_CONVERSION = YES;
				CLANG_WARN_INFINITE_RECURSION = YES;
				CLANG_WARN_INT_CONVERSION = YES;
				CLANG_WARN_NON_LITERAL_NULL_CONVERSION = YES;
				CLANG_WARN_OBJC_IMPLICIT_RETAIN_SELF = YES;
				CLANG_WARN_OBJC_LITERAL_CONVERSION = YES;
				CLANG_WARN_OBJC_ROOT_CLASS = YES_ERROR;
				CLANG_WARN_QUOTED_INCLUDE_IN_FRAMEWORK_HEADER = YES;
				CLANG_WARN_RANGE_LOOP_ANALYSIS = YES;
				CLANG_WARN_STRICT_PROTOTYPES = YES;
				CLANG_WARN_SUSPICIOUS_MOVE = YES;
				CLANG_WARN_UNGUARDED_AVAILABILITY = YES_AGGRESSIVE;
				CLANG_WARN_UNREACHABLE_CODE = YES;
				CLANG_WARN__DUPLICATE_METHOD_MATCH = YES;
				COPY_PHASE_STRIP = NO;
				DEBUG_INFORMATION_FORMAT = "dwarf-with-dsym";
				ENABLE_NS_ASSERTIONS = NO;
				ENABLE_STRICT_OBJC_MSGSEND = YES;
				GCC_C_LANGUAGE_STANDARD = gnu11;
				GCC_NO_COMMON_BLOCKS = YES;
				GCC_WARN_64_TO_32_BIT_CONVERSION = YES;
				GCC_WARN_ABOUT_RETURN_TYPE = YES_ERROR;
				GCC_WARN_UNDECLARED_SELECTOR = YES;
				GCC_WARN_UNINITIALIZED_AUTOS = YES_AGGRESSIVE;
				GCC_WARN_UNUSED_FUNCTION = YES;
				GCC_WARN_UNUSED_VARIABLE = YES;
				IPHONEOS_DEPLOYMENT_TARGET = 15.4;
				MTL_ENABLE_DEBUG_INFO = NO;
				MTL_FAST_MATH = YES;
				SDKROOT = iphoneos;
				SWIFT_COMPILATION_MODE = wholemodule;
				SWIFT_OPTIMIZATION_LEVEL = "-O";
				VALIDATE_PRODUCT = YES;
			};
			name = Release;
		};
		F275BC1A27FF5FB500145181 /* Debug */ = {
			isa = XCBuildConfiguration;
			baseConfigurationReference = 55183FC4FE0DC999803F4788 /* Pods-30th_Instagram.debug.xcconfig */;
			buildSettings = {
				ASSETCATALOG_COMPILER_APPICON_NAME = AppIcon;
				ASSETCATALOG_COMPILER_GLOBAL_ACCENT_COLOR_NAME = AccentColor;
				CODE_SIGN_STYLE = Automatic;
				CURRENT_PROJECT_VERSION = 1;
				DEVELOPMENT_TEAM = 5JQQ946A44;
				GENERATE_INFOPLIST_FILE = YES;
				INFOPLIST_FILE = 30th_Instagram/Info.plist;
				INFOPLIST_KEY_UIApplicationSupportsIndirectInputEvents = YES;
				INFOPLIST_KEY_UILaunchStoryboardName = LaunchScreen;
				INFOPLIST_KEY_UIMainStoryboardFile = Main;
				INFOPLIST_KEY_UISupportedInterfaceOrientations_iPad = "UIInterfaceOrientationPortrait UIInterfaceOrientationPortraitUpsideDown UIInterfaceOrientationLandscapeLeft UIInterfaceOrientationLandscapeRight";
				INFOPLIST_KEY_UISupportedInterfaceOrientations_iPhone = "UIInterfaceOrientationPortrait UIInterfaceOrientationLandscapeLeft UIInterfaceOrientationLandscapeRight";
				LD_RUNPATH_SEARCH_PATHS = (
					"$(inherited)",
					"@executable_path/Frameworks",
				);
				MARKETING_VERSION = 1.0;
				PRODUCT_BUNDLE_IDENTIFIER = "com.hellozo0.-0th-Instagram";
				PRODUCT_NAME = "$(TARGET_NAME)";
				SWIFT_EMIT_LOC_STRINGS = YES;
				SWIFT_VERSION = 5.0;
				TARGETED_DEVICE_FAMILY = "1,2";
			};
			name = Debug;
		};
		F275BC1B27FF5FB500145181 /* Release */ = {
			isa = XCBuildConfiguration;
			baseConfigurationReference = D04D7EA948A79FB9DFD31237 /* Pods-30th_Instagram.release.xcconfig */;
			buildSettings = {
				ASSETCATALOG_COMPILER_APPICON_NAME = AppIcon;
				ASSETCATALOG_COMPILER_GLOBAL_ACCENT_COLOR_NAME = AccentColor;
				CODE_SIGN_STYLE = Automatic;
				CURRENT_PROJECT_VERSION = 1;
				DEVELOPMENT_TEAM = 5JQQ946A44;
				GENERATE_INFOPLIST_FILE = YES;
				INFOPLIST_FILE = 30th_Instagram/Info.plist;
				INFOPLIST_KEY_UIApplicationSupportsIndirectInputEvents = YES;
				INFOPLIST_KEY_UILaunchStoryboardName = LaunchScreen;
				INFOPLIST_KEY_UIMainStoryboardFile = Main;
				INFOPLIST_KEY_UISupportedInterfaceOrientations_iPad = "UIInterfaceOrientationPortrait UIInterfaceOrientationPortraitUpsideDown UIInterfaceOrientationLandscapeLeft UIInterfaceOrientationLandscapeRight";
				INFOPLIST_KEY_UISupportedInterfaceOrientations_iPhone = "UIInterfaceOrientationPortrait UIInterfaceOrientationLandscapeLeft UIInterfaceOrientationLandscapeRight";
				LD_RUNPATH_SEARCH_PATHS = (
					"$(inherited)",
					"@executable_path/Frameworks",
				);
				MARKETING_VERSION = 1.0;
				PRODUCT_BUNDLE_IDENTIFIER = "com.hellozo0.-0th-Instagram";
				PRODUCT_NAME = "$(TARGET_NAME)";
				SWIFT_EMIT_LOC_STRINGS = YES;
				SWIFT_VERSION = 5.0;
				TARGETED_DEVICE_FAMILY = "1,2";
			};
			name = Release;
		};
/* End XCBuildConfiguration section */

/* Begin XCConfigurationList section */
		F275BC0027FF5FB200145181 /* Build configuration list for PBXProject "30th_Instagram" */ = {
			isa = XCConfigurationList;
			buildConfigurations = (
				F275BC1727FF5FB500145181 /* Debug */,
				F275BC1827FF5FB500145181 /* Release */,
			);
			defaultConfigurationIsVisible = 0;
			defaultConfigurationName = Release;
		};
		F275BC1927FF5FB500145181 /* Build configuration list for PBXNativeTarget "30th_Instagram" */ = {
			isa = XCConfigurationList;
			buildConfigurations = (
				F275BC1A27FF5FB500145181 /* Debug */,
				F275BC1B27FF5FB500145181 /* Release */,
			);
			defaultConfigurationIsVisible = 0;
			defaultConfigurationName = Release;
		};
/* End XCConfigurationList section */
	};
	rootObject = F275BBFD27FF5FB200145181 /* Project object */;
}
