// !$*UTF8*$!
{
	archiveVersion = 1;
	classes = {
	};
	objectVersion = 55;
	objects = {

/* Begin PBXBuildFile section */
		50D2D474AA1F2253F62587E9 /* Pods_30th_Instagram.framework in Frameworks */ = {isa = PBXBuildFile; fileRef = 808CFD3B47402B6C9B06F038 /* Pods_30th_Instagram.framework */; };
		F2318797282B81580055691A /* HomeFeedTVC.swift in Sources */ = {isa = PBXBuildFile; fileRef = F2318795282B81580055691A /* HomeFeedTVC.swift */; };
		F2318798282B81580055691A /* HomeFeedTVC.xib in Resources */ = {isa = PBXBuildFile; fileRef = F2318796282B81580055691A /* HomeFeedTVC.xib */; };
		F231879B282B816C0055691A /* HomeStoryTVC.swift in Sources */ = {isa = PBXBuildFile; fileRef = F2318799282B816C0055691A /* HomeStoryTVC.swift */; };
		F231879C282B816C0055691A /* HomeStoryTVC.xib in Resources */ = {isa = PBXBuildFile; fileRef = F231879A282B816C0055691A /* HomeStoryTVC.xib */; };
		F231879F282B84930055691A /* HomeStoryCVC.swift in Sources */ = {isa = PBXBuildFile; fileRef = F231879D282B84930055691A /* HomeStoryCVC.swift */; };
		F23187A0282B84930055691A /* HomeStoryCVC.xib in Resources */ = {isa = PBXBuildFile; fileRef = F231879E282B84930055691A /* HomeStoryCVC.xib */; };
		F23187A2282B85120055691A /* StoryDataModel.swift in Sources */ = {isa = PBXBuildFile; fileRef = F23187A1282B85120055691A /* StoryDataModel.swift */; };
		F23187A5282B8D0C0055691A /* HomeFeedCVC.swift in Sources */ = {isa = PBXBuildFile; fileRef = F23187A3282B8D0C0055691A /* HomeFeedCVC.swift */; };
		F23187A6282B8D0C0055691A /* HomeFeedCVC.xib in Resources */ = {isa = PBXBuildFile; fileRef = F23187A4282B8D0C0055691A /* HomeFeedCVC.xib */; };
		F23187A8282B8D1A0055691A /* FeedDataModel.swift in Sources */ = {isa = PBXBuildFile; fileRef = F23187A7282B8D1A0055691A /* FeedDataModel.swift */; };
		F23187AB282BA5C40055691A /* APIConstants.swift in Sources */ = {isa = PBXBuildFile; fileRef = F23187AA282BA5C40055691A /* APIConstants.swift */; };
		F23187B1282BA5D10055691A /* SignUpModel.swift in Sources */ = {isa = PBXBuildFile; fileRef = F23187AC282BA5D00055691A /* SignUpModel.swift */; };
		F23187B2282BA5D10055691A /* UserLoginService.swift in Sources */ = {isa = PBXBuildFile; fileRef = F23187AD282BA5D00055691A /* UserLoginService.swift */; };
		F23187B3282BA5D10055691A /* UserSignUpService.swift in Sources */ = {isa = PBXBuildFile; fileRef = F23187AE282BA5D10055691A /* UserSignUpService.swift */; };
		F23187B4282BA5D10055691A /* LoginModel.swift in Sources */ = {isa = PBXBuildFile; fileRef = F23187AF282BA5D10055691A /* LoginModel.swift */; };
		F23187B5282BA5D10055691A /* NetworkResult.swift in Sources */ = {isa = PBXBuildFile; fileRef = F23187B0282BA5D10055691A /* NetworkResult.swift */; };
		F23187B9282BB0830055691A /* makeAlert + .swift in Sources */ = {isa = PBXBuildFile; fileRef = F23187B8282BB0830055691A /* makeAlert + .swift */; };
		F23187BB282BB1370055691A /* UserDefaults  + .swift in Sources */ = {isa = PBXBuildFile; fileRef = F23187BA282BB1370055691A /* UserDefaults  + .swift */; };
		F275BC0927FF5FB200145181 /* AppDelegate.swift in Sources */ = {isa = PBXBuildFile; fileRef = F275BC0827FF5FB200145181 /* AppDelegate.swift */; };
		F275BC0B27FF5FB200145181 /* SceneDelegate.swift in Sources */ = {isa = PBXBuildFile; fileRef = F275BC0A27FF5FB200145181 /* SceneDelegate.swift */; };
		F275BC0D27FF5FB200145181 /* LoginVC.swift in Sources */ = {isa = PBXBuildFile; fileRef = F275BC0C27FF5FB200145181 /* LoginVC.swift */; };
		F275BC1027FF5FB200145181 /* Main.storyboard in Resources */ = {isa = PBXBuildFile; fileRef = F275BC0E27FF5FB200145181 /* Main.storyboard */; };
		F275BC1227FF5FB500145181 /* Assets.xcassets in Resources */ = {isa = PBXBuildFile; fileRef = F275BC1127FF5FB500145181 /* Assets.xcassets */; };
		F275BC1527FF5FB500145181 /* LaunchScreen.storyboard in Resources */ = {isa = PBXBuildFile; fileRef = F275BC1327FF5FB500145181 /* LaunchScreen.storyboard */; };
		F275BC4C27FF69CE00145181 /* ColorLiterals.swift in Sources */ = {isa = PBXBuildFile; fileRef = F275BC4B27FF69CE00145181 /* ColorLiterals.swift */; };
		F275BC5027FF6A3C00145181 /* ImageLiterals.swift in Sources */ = {isa = PBXBuildFile; fileRef = F275BC4F27FF6A3C00145181 /* ImageLiterals.swift */; };
		F275BC5A27FF6B8700145181 /* Colors.xcassets in Resources */ = {isa = PBXBuildFile; fileRef = F275BC5927FF6B8700145181 /* Colors.xcassets */; };
		F2D761482801E2A0008C2B27 /* SignUpNickNameVC.swift in Sources */ = {isa = PBXBuildFile; fileRef = F2D761472801E2A0008C2B27 /* SignUpNickNameVC.swift */; };
		F2D7614A2801E2BB008C2B27 /* SignUpPwVC.swift in Sources */ = {isa = PBXBuildFile; fileRef = F2D761492801E2BB008C2B27 /* SignUpPwVC.swift */; };
		F2D7614C2801E2CE008C2B27 /* WelcomeVC.swift in Sources */ = {isa = PBXBuildFile; fileRef = F2D7614B2801E2CE008C2B27 /* WelcomeVC.swift */; };
		F2E7A29F2808899400965A17 /* TabBar.storyboard in Resources */ = {isa = PBXBuildFile; fileRef = F2E7A29E2808899400965A17 /* TabBar.storyboard */; };
		F2E7A2A1280889E300965A17 /* InstaTBC.swift in Sources */ = {isa = PBXBuildFile; fileRef = F2E7A2A0280889E300965A17 /* InstaTBC.swift */; };
		F2E7A2A328088A1100965A17 /* HomeVC.swift in Sources */ = {isa = PBXBuildFile; fileRef = F2E7A2A228088A1100965A17 /* HomeVC.swift */; };
		F2E7A2A528088A2700965A17 /* SearchVC.swift in Sources */ = {isa = PBXBuildFile; fileRef = F2E7A2A428088A2700965A17 /* SearchVC.swift */; };
		F2E7A2A728088A6200965A17 /* ReelsVC.swift in Sources */ = {isa = PBXBuildFile; fileRef = F2E7A2A628088A6200965A17 /* ReelsVC.swift */; };
		F2E7A2A928088A6C00965A17 /* ShopVC.swift in Sources */ = {isa = PBXBuildFile; fileRef = F2E7A2A828088A6C00965A17 /* ShopVC.swift */; };
		F2E7A2AB28088A7800965A17 /* ProfileVC.swift in Sources */ = {isa = PBXBuildFile; fileRef = F2E7A2AA28088A7800965A17 /* ProfileVC.swift */; };
		F2FB7BBB2800101600B4CE85 /* press + UIButton.swift in Sources */ = {isa = PBXBuildFile; fileRef = F2FB7BBA2800101600B4CE85 /* press + UIButton.swift */; };
		F2FB7BBD2800103A00B4CE85 /* makeVibrate + UIViewController.swift in Sources */ = {isa = PBXBuildFile; fileRef = F2FB7BBC2800103A00B4CE85 /* makeVibrate + UIViewController.swift */; };
		F2FB7BBF2800113B00B4CE85 /* getClassName.swift in Sources */ = {isa = PBXBuildFile; fileRef = F2FB7BBE2800113B00B4CE85 /* getClassName.swift */; };
		F2FB7BC12800116C00B4CE85 /* keyboard + UIViewController.swift in Sources */ = {isa = PBXBuildFile; fileRef = F2FB7BC02800116C00B4CE85 /* keyboard + UIViewController.swift */; };
		F2FB7BC42800121600B4CE85 /* UICollectionViewRegisterable.swift in Sources */ = {isa = PBXBuildFile; fileRef = F2FB7BC32800121600B4CE85 /* UICollectionViewRegisterable.swift */; };
		F2FB7BC62800122C00B4CE85 /* UITableViewRegisterable.swift in Sources */ = {isa = PBXBuildFile; fileRef = F2FB7BC52800122C00B4CE85 /* UITableViewRegisterable.swift */; };
/* End PBXBuildFile section */

/* Begin PBXFileReference section */
		55183FC4FE0DC999803F4788 /* Pods-30th_Instagram.debug.xcconfig */ = {isa = PBXFileReference; includeInIndex = 1; lastKnownFileType = text.xcconfig; name = "Pods-30th_Instagram.debug.xcconfig"; path = "Target Support Files/Pods-30th_Instagram/Pods-30th_Instagram.debug.xcconfig"; sourceTree = "<group>"; };
		808CFD3B47402B6C9B06F038 /* Pods_30th_Instagram.framework */ = {isa = PBXFileReference; explicitFileType = wrapper.framework; includeInIndex = 0; path = Pods_30th_Instagram.framework; sourceTree = BUILT_PRODUCTS_DIR; };
		D04D7EA948A79FB9DFD31237 /* Pods-30th_Instagram.release.xcconfig */ = {isa = PBXFileReference; includeInIndex = 1; lastKnownFileType = text.xcconfig; name = "Pods-30th_Instagram.release.xcconfig"; path = "Target Support Files/Pods-30th_Instagram/Pods-30th_Instagram.release.xcconfig"; sourceTree = "<group>"; };
		F2318795282B81580055691A /* HomeFeedTVC.swift */ = {isa = PBXFileReference; lastKnownFileType = sourcecode.swift; path = HomeFeedTVC.swift; sourceTree = "<group>"; };
		F2318796282B81580055691A /* HomeFeedTVC.xib */ = {isa = PBXFileReference; lastKnownFileType = file.xib; path = HomeFeedTVC.xib; sourceTree = "<group>"; };
		F2318799282B816C0055691A /* HomeStoryTVC.swift */ = {isa = PBXFileReference; lastKnownFileType = sourcecode.swift; path = HomeStoryTVC.swift; sourceTree = "<group>"; };
		F231879A282B816C0055691A /* HomeStoryTVC.xib */ = {isa = PBXFileReference; lastKnownFileType = file.xib; path = HomeStoryTVC.xib; sourceTree = "<group>"; };
		F231879D282B84930055691A /* HomeStoryCVC.swift */ = {isa = PBXFileReference; lastKnownFileType = sourcecode.swift; path = HomeStoryCVC.swift; sourceTree = "<group>"; };
		F231879E282B84930055691A /* HomeStoryCVC.xib */ = {isa = PBXFileReference; lastKnownFileType = file.xib; path = HomeStoryCVC.xib; sourceTree = "<group>"; };
		F23187A1282B85120055691A /* StoryDataModel.swift */ = {isa = PBXFileReference; lastKnownFileType = sourcecode.swift; path = StoryDataModel.swift; sourceTree = "<group>"; };
		F23187A3282B8D0C0055691A /* HomeFeedCVC.swift */ = {isa = PBXFileReference; lastKnownFileType = sourcecode.swift; path = HomeFeedCVC.swift; sourceTree = "<group>"; };
		F23187A4282B8D0C0055691A /* HomeFeedCVC.xib */ = {isa = PBXFileReference; lastKnownFileType = file.xib; path = HomeFeedCVC.xib; sourceTree = "<group>"; };
		F23187A7282B8D1A0055691A /* FeedDataModel.swift */ = {isa = PBXFileReference; lastKnownFileType = sourcecode.swift; path = FeedDataModel.swift; sourceTree = "<group>"; };
		F23187AA282BA5C40055691A /* APIConstants.swift */ = {isa = PBXFileReference; fileEncoding = 4; lastKnownFileType = sourcecode.swift; path = APIConstants.swift; sourceTree = "<group>"; };
		F23187AC282BA5D00055691A /* SignUpModel.swift */ = {isa = PBXFileReference; fileEncoding = 4; lastKnownFileType = sourcecode.swift; path = SignUpModel.swift; sourceTree = "<group>"; };
		F23187AD282BA5D00055691A /* UserLoginService.swift */ = {isa = PBXFileReference; fileEncoding = 4; lastKnownFileType = sourcecode.swift; path = UserLoginService.swift; sourceTree = "<group>"; };
		F23187AE282BA5D10055691A /* UserSignUpService.swift */ = {isa = PBXFileReference; fileEncoding = 4; lastKnownFileType = sourcecode.swift; path = UserSignUpService.swift; sourceTree = "<group>"; };
		F23187AF282BA5D10055691A /* LoginModel.swift */ = {isa = PBXFileReference; fileEncoding = 4; lastKnownFileType = sourcecode.swift; path = LoginModel.swift; sourceTree = "<group>"; };
		F23187B0282BA5D10055691A /* NetworkResult.swift */ = {isa = PBXFileReference; fileEncoding = 4; lastKnownFileType = sourcecode.swift; path = NetworkResult.swift; sourceTree = "<group>"; };
		F23187B8282BB0830055691A /* makeAlert + .swift */ = {isa = PBXFileReference; lastKnownFileType = sourcecode.swift; path = "makeAlert + .swift"; sourceTree = "<group>"; };
		F23187BA282BB1370055691A /* UserDefaults  + .swift */ = {isa = PBXFileReference; lastKnownFileType = sourcecode.swift; path = "UserDefaults  + .swift"; sourceTree = "<group>"; };
		F275BC0527FF5FB200145181 /* 30th_Instagram.app */ = {isa = PBXFileReference; explicitFileType = wrapper.application; includeInIndex = 0; path = 30th_Instagram.app; sourceTree = BUILT_PRODUCTS_DIR; };
		F275BC0827FF5FB200145181 /* AppDelegate.swift */ = {isa = PBXFileReference; lastKnownFileType = sourcecode.swift; path = AppDelegate.swift; sourceTree = "<group>"; };
		F275BC0A27FF5FB200145181 /* SceneDelegate.swift */ = {isa = PBXFileReference; lastKnownFileType = sourcecode.swift; path = SceneDelegate.swift; sourceTree = "<group>"; };
		F275BC0C27FF5FB200145181 /* LoginVC.swift */ = {isa = PBXFileReference; lastKnownFileType = sourcecode.swift; path = LoginVC.swift; sourceTree = "<group>"; };
		F275BC0F27FF5FB200145181 /* Base */ = {isa = PBXFileReference; lastKnownFileType = file.storyboard; name = Base; path = Base.lproj/Main.storyboard; sourceTree = "<group>"; };
		F275BC1127FF5FB500145181 /* Assets.xcassets */ = {isa = PBXFileReference; lastKnownFileType = folder.assetcatalog; path = Assets.xcassets; sourceTree = "<group>"; };
		F275BC1427FF5FB500145181 /* Base */ = {isa = PBXFileReference; lastKnownFileType = file.storyboard; name = Base; path = Base.lproj/LaunchScreen.storyboard; sourceTree = "<group>"; };
		F275BC1627FF5FB500145181 /* Info.plist */ = {isa = PBXFileReference; lastKnownFileType = text.plist.xml; path = Info.plist; sourceTree = "<group>"; };
		F275BC4B27FF69CE00145181 /* ColorLiterals.swift */ = {isa = PBXFileReference; lastKnownFileType = sourcecode.swift; path = ColorLiterals.swift; sourceTree = "<group>"; };
		F275BC4F27FF6A3C00145181 /* ImageLiterals.swift */ = {isa = PBXFileReference; lastKnownFileType = sourcecode.swift; path = ImageLiterals.swift; sourceTree = "<group>"; };
		F275BC5927FF6B8700145181 /* Colors.xcassets */ = {isa = PBXFileReference; lastKnownFileType = folder.assetcatalog; path = Colors.xcassets; sourceTree = "<group>"; };
		F2D761472801E2A0008C2B27 /* SignUpNickNameVC.swift */ = {isa = PBXFileReference; lastKnownFileType = sourcecode.swift; path = SignUpNickNameVC.swift; sourceTree = "<group>"; };
		F2D761492801E2BB008C2B27 /* SignUpPwVC.swift */ = {isa = PBXFileReference; lastKnownFileType = sourcecode.swift; path = SignUpPwVC.swift; sourceTree = "<group>"; };
		F2D7614B2801E2CE008C2B27 /* WelcomeVC.swift */ = {isa = PBXFileReference; lastKnownFileType = sourcecode.swift; path = WelcomeVC.swift; sourceTree = "<group>"; };
		F2E7A29E2808899400965A17 /* TabBar.storyboard */ = {isa = PBXFileReference; lastKnownFileType = file.storyboard; path = TabBar.storyboard; sourceTree = "<group>"; };
		F2E7A2A0280889E300965A17 /* InstaTBC.swift */ = {isa = PBXFileReference; lastKnownFileType = sourcecode.swift; path = InstaTBC.swift; sourceTree = "<group>"; };
		F2E7A2A228088A1100965A17 /* HomeVC.swift */ = {isa = PBXFileReference; lastKnownFileType = sourcecode.swift; path = HomeVC.swift; sourceTree = "<group>"; };
		F2E7A2A428088A2700965A17 /* SearchVC.swift */ = {isa = PBXFileReference; lastKnownFileType = sourcecode.swift; path = SearchVC.swift; sourceTree = "<group>"; };
		F2E7A2A628088A6200965A17 /* ReelsVC.swift */ = {isa = PBXFileReference; lastKnownFileType = sourcecode.swift; path = ReelsVC.swift; sourceTree = "<group>"; };
		F2E7A2A828088A6C00965A17 /* ShopVC.swift */ = {isa = PBXFileReference; lastKnownFileType = sourcecode.swift; path = ShopVC.swift; sourceTree = "<group>"; };
		F2E7A2AA28088A7800965A17 /* ProfileVC.swift */ = {isa = PBXFileReference; lastKnownFileType = sourcecode.swift; path = ProfileVC.swift; sourceTree = "<group>"; };
		F2FB7BBA2800101600B4CE85 /* press + UIButton.swift */ = {isa = PBXFileReference; lastKnownFileType = sourcecode.swift; path = "press + UIButton.swift"; sourceTree = "<group>"; };
		F2FB7BBC2800103A00B4CE85 /* makeVibrate + UIViewController.swift */ = {isa = PBXFileReference; lastKnownFileType = sourcecode.swift; path = "makeVibrate + UIViewController.swift"; sourceTree = "<group>"; };
		F2FB7BBE2800113B00B4CE85 /* getClassName.swift */ = {isa = PBXFileReference; lastKnownFileType = sourcecode.swift; path = getClassName.swift; sourceTree = "<group>"; };
		F2FB7BC02800116C00B4CE85 /* keyboard + UIViewController.swift */ = {isa = PBXFileReference; lastKnownFileType = sourcecode.swift; path = "keyboard + UIViewController.swift"; sourceTree = "<group>"; };
		F2FB7BC32800121600B4CE85 /* UICollectionViewRegisterable.swift */ = {isa = PBXFileReference; lastKnownFileType = sourcecode.swift; path = UICollectionViewRegisterable.swift; sourceTree = "<group>"; };
		F2FB7BC52800122C00B4CE85 /* UITableViewRegisterable.swift */ = {isa = PBXFileReference; lastKnownFileType = sourcecode.swift; path = UITableViewRegisterable.swift; sourceTree = "<group>"; };
/* End PBXFileReference section */

/* Begin PBXFrameworksBuildPhase section */
		F275BC0227FF5FB200145181 /* Frameworks */ = {
			isa = PBXFrameworksBuildPhase;
			buildActionMask = 2147483647;
			files = (
				50D2D474AA1F2253F62587E9 /* Pods_30th_Instagram.framework in Frameworks */,
			);
			runOnlyForDeploymentPostprocessing = 0;
		};
/* End PBXFrameworksBuildPhase section */

/* Begin PBXGroup section */
		1592F9BB7F301BFA0C4567F0 /* Pods */ = {
			isa = PBXGroup;
			children = (
				55183FC4FE0DC999803F4788 /* Pods-30th_Instagram.debug.xcconfig */,
				D04D7EA948A79FB9DFD31237 /* Pods-30th_Instagram.release.xcconfig */,
			);
			path = Pods;
			sourceTree = "<group>";
		};
		F2318793282B81300055691A /* Story */ = {
			isa = PBXGroup;
			children = (
				F2A64B23282F8B11002B8313 /* StoryBoard */,
				F2A64B22282F8B04002B8313 /* VC */,
				F23187A1282B85120055691A /* StoryDataModel.swift */,
			);
			path = Story;
			sourceTree = "<group>";
		};
		F2318794282B81350055691A /* Feed */ = {
			isa = PBXGroup;
			children = (
				F2318795282B81580055691A /* HomeFeedTVC.swift */,
				F2318796282B81580055691A /* HomeFeedTVC.xib */,
				F23187A3282B8D0C0055691A /* HomeFeedCVC.swift */,
				F23187A4282B8D0C0055691A /* HomeFeedCVC.xib */,
				F23187A7282B8D1A0055691A /* FeedDataModel.swift */,
			);
			path = Feed;
			sourceTree = "<group>";
		};
		F23187A9282BA4D60055691A /* Server */ = {
			isa = PBXGroup;
			children = (
				F23187AA282BA5C40055691A /* APIConstants.swift */,
				F23187B0282BA5D10055691A /* NetworkResult.swift */,
				F23187AF282BA5D10055691A /* LoginModel.swift */,
				F23187AC282BA5D00055691A /* SignUpModel.swift */,
				F23187AD282BA5D00055691A /* UserLoginService.swift */,
				F23187AE282BA5D10055691A /* UserSignUpService.swift */,
			);
			path = Server;
			sourceTree = "<group>";
		};
		F23B562B28265AC0008A1DD0 /* Home */ = {
			isa = PBXGroup;
			children = (
				F2318794282B81350055691A /* Feed */,
				F2318793282B81300055691A /* Story */,
				F2E7A2A228088A1100965A17 /* HomeVC.swift */,
			);
			path = Home;
			sourceTree = "<group>";
		};
		F23B562E28265B36008A1DD0 /* Search */ = {
			isa = PBXGroup;
			children = (
				F2E7A2A428088A2700965A17 /* SearchVC.swift */,
			);
			path = Search;
			sourceTree = "<group>";
		};
		F23B562F28265B3F008A1DD0 /* Reels */ = {
			isa = PBXGroup;
			children = (
				F2E7A2A628088A6200965A17 /* ReelsVC.swift */,
			);
			path = Reels;
			sourceTree = "<group>";
		};
		F23B563028265B47008A1DD0 /* Shop */ = {
			isa = PBXGroup;
			children = (
				F2E7A2A828088A6C00965A17 /* ShopVC.swift */,
			);
			path = Shop;
			sourceTree = "<group>";
		};
		F23B563128265B4E008A1DD0 /* Profile */ = {
			isa = PBXGroup;
			children = (
				F2E7A2AA28088A7800965A17 /* ProfileVC.swift */,
			);
			path = Profile;
			sourceTree = "<group>";
		};
		F275BBFC27FF5FB200145181 = {
			isa = PBXGroup;
			children = (
				F275BC0727FF5FB200145181 /* 30th_Instagram */,
				F275BC0627FF5FB200145181 /* Products */,
				1592F9BB7F301BFA0C4567F0 /* Pods */,
				FE51D548CBF9B137F5780FDE /* Frameworks */,
			);
			sourceTree = "<group>";
		};
		F275BC0627FF5FB200145181 /* Products */ = {
			isa = PBXGroup;
			children = (
				F275BC0527FF5FB200145181 /* 30th_Instagram.app */,
			);
			name = Products;
			sourceTree = "<group>";
		};
		F275BC0727FF5FB200145181 /* 30th_Instagram */ = {
			isa = PBXGroup;
			children = (
				F275BC1D27FF631C00145181 /* Global */,
				F275BC1C27FF630A00145181 /* Screen */,
				F275BC1627FF5FB500145181 /* Info.plist */,
			);
			path = 30th_Instagram;
			sourceTree = "<group>";
		};
		F275BC1C27FF630A00145181 /* Screen */ = {
			isa = PBXGroup;
			children = (
				F23B563128265B4E008A1DD0 /* Profile */,
				F23B563028265B47008A1DD0 /* Shop */,
				F23B562F28265B3F008A1DD0 /* Reels */,
				F23B562E28265B36008A1DD0 /* Search */,
				F23B562B28265AC0008A1DD0 /* Home */,
				F2E7A29D2808897E00965A17 /* TabBar */,
				F2E7A29C2808894400965A17 /* Auth */,
				F2FB7BB828000F3600B4CE85 /* Components */,
			);
			path = Screen;
			sourceTree = "<group>";
		};
		F275BC1D27FF631C00145181 /* Global */ = {
			isa = PBXGroup;
			children = (
				F23187A9282BA4D60055691A /* Server */,
				F275BC2527FF641400145181 /* Supporting Files */,
				F275BC2027FF63EF00145181 /* Utils */,
				F275BC2127FF63F600145181 /* Literals */,
				F275BC2327FF640600145181 /* Resource */,
				F275BC2427FF640C00145181 /* Extension */,
				F2FB7BC2280011C300B4CE85 /* Protocol */,
			);
			path = Global;
			sourceTree = "<group>";
		};
		F275BC2027FF63EF00145181 /* Utils */ = {
			isa = PBXGroup;
			children = (
				F2FB7BBE2800113B00B4CE85 /* getClassName.swift */,
			);
			path = Utils;
			sourceTree = "<group>";
		};
		F275BC2127FF63F600145181 /* Literals */ = {
			isa = PBXGroup;
			children = (
				F275BC4B27FF69CE00145181 /* ColorLiterals.swift */,
				F275BC4F27FF6A3C00145181 /* ImageLiterals.swift */,
			);
			path = Literals;
			sourceTree = "<group>";
		};
		F275BC2327FF640600145181 /* Resource */ = {
			isa = PBXGroup;
			children = (
				F275BC1127FF5FB500145181 /* Assets.xcassets */,
				F275BC5927FF6B8700145181 /* Colors.xcassets */,
			);
			path = Resource;
			sourceTree = "<group>";
		};
		F275BC2427FF640C00145181 /* Extension */ = {
			isa = PBXGroup;
			children = (
				F2FB7BBA2800101600B4CE85 /* press + UIButton.swift */,
				F2FB7BBC2800103A00B4CE85 /* makeVibrate + UIViewController.swift */,
				F2FB7BC02800116C00B4CE85 /* keyboard + UIViewController.swift */,
				F23187B8282BB0830055691A /* makeAlert + .swift */,
				F23187BA282BB1370055691A /* UserDefaults  + .swift */,
			);
			path = Extension;
			sourceTree = "<group>";
		};
		F275BC2527FF641400145181 /* Supporting Files */ = {
			isa = PBXGroup;
			children = (
				F275BC0827FF5FB200145181 /* AppDelegate.swift */,
				F275BC0A27FF5FB200145181 /* SceneDelegate.swift */,
				F275BC1327FF5FB500145181 /* LaunchScreen.storyboard */,
			);
			path = "Supporting Files";
			sourceTree = "<group>";
		};
		F2A64B22282F8B04002B8313 /* VC */ = {
			isa = PBXGroup;
			children = (
				F2318799282B816C0055691A /* HomeStoryTVC.swift */,
				F231879D282B84930055691A /* HomeStoryCVC.swift */,
			);
			path = VC;
			sourceTree = "<group>";
		};
		F2A64B23282F8B11002B8313 /* StoryBoard */ = {
			isa = PBXGroup;
			children = (
				F231879A282B816C0055691A /* HomeStoryTVC.xib */,
				F231879E282B84930055691A /* HomeStoryCVC.xib */,
			);
			path = StoryBoard;
			sourceTree = "<group>";
		};
		F2E7A29C2808894400965A17 /* Auth */ = {
			isa = PBXGroup;
			children = (
				F275BC0E27FF5FB200145181 /* Main.storyboard */,
				F275BC0C27FF5FB200145181 /* LoginVC.swift */,
				F2D761472801E2A0008C2B27 /* SignUpNickNameVC.swift */,
				F2D761492801E2BB008C2B27 /* SignUpPwVC.swift */,
				F2D7614B2801E2CE008C2B27 /* WelcomeVC.swift */,
			);
			path = Auth;
			sourceTree = "<group>";
		};
		F2E7A29D2808897E00965A17 /* TabBar */ = {
			isa = PBXGroup;
			children = (
				F2E7A29E2808899400965A17 /* TabBar.storyboard */,
				F2E7A2A0280889E300965A17 /* InstaTBC.swift */,
			);
			path = TabBar;
			sourceTree = "<group>";
		};
		F2FB7BB828000F3600B4CE85 /* Components */ = {
			isa = PBXGroup;
			children = (
				F2FB7BB928000F4300B4CE85 /* Button */,
			);
			path = Components;
			sourceTree = "<group>";
		};
		F2FB7BB928000F4300B4CE85 /* Button */ = {
			isa = PBXGroup;
			children = (
			);
			path = Button;
			sourceTree = "<group>";
		};
		F2FB7BC2280011C300B4CE85 /* Protocol */ = {
			isa = PBXGroup;
			children = (
				F2FB7BC32800121600B4CE85 /* UICollectionViewRegisterable.swift */,
				F2FB7BC52800122C00B4CE85 /* UITableViewRegisterable.swift */,
			);
			path = Protocol;
			sourceTree = "<group>";
		};
		FE51D548CBF9B137F5780FDE /* Frameworks */ = {
			isa = PBXGroup;
			children = (
				808CFD3B47402B6C9B06F038 /* Pods_30th_Instagram.framework */,
			);
			name = Frameworks;
			sourceTree = "<group>";
		};
/* End PBXGroup section */

/* Begin PBXNativeTarget section */
		F275BC0427FF5FB200145181 /* 30th_Instagram */ = {
			isa = PBXNativeTarget;
			buildConfigurationList = F275BC1927FF5FB500145181 /* Build configuration list for PBXNativeTarget "30th_Instagram" */;
			buildPhases = (
				1B60AA185FA18D2EAA9D98DB /* [CP] Check Pods Manifest.lock */,
				F275BC0127FF5FB200145181 /* Sources */,
				F275BC0227FF5FB200145181 /* Frameworks */,
				F275BC0327FF5FB200145181 /* Resources */,
				E3BCD1D085459B8574F49E10 /* [CP] Embed Pods Frameworks */,
			);
			buildRules = (
			);
			dependencies = (
			);
			name = 30th_Instagram;
			productName = 30th_Instagram;
			productReference = F275BC0527FF5FB200145181 /* 30th_Instagram.app */;
			productType = "com.apple.product-type.application";
		};
/* End PBXNativeTarget section */

/* Begin PBXProject section */
		F275BBFD27FF5FB200145181 /* Project object */ = {
			isa = PBXProject;
			attributes = {
				BuildIndependentTargetsInParallel = 1;
				LastSwiftUpdateCheck = 1330;
				LastUpgradeCheck = 1330;
				TargetAttributes = {
					F275BC0427FF5FB200145181 = {
						CreatedOnToolsVersion = 13.3;
					};
				};
			};
			buildConfigurationList = F275BC0027FF5FB200145181 /* Build configuration list for PBXProject "30th_Instagram" */;
			compatibilityVersion = "Xcode 13.0";
			developmentRegion = en;
			hasScannedForEncodings = 0;
			knownRegions = (
				en,
				Base,
			);
			mainGroup = F275BBFC27FF5FB200145181;
			productRefGroup = F275BC0627FF5FB200145181 /* Products */;
			projectDirPath = "";
			projectRoot = "";
			targets = (
				F275BC0427FF5FB200145181 /* 30th_Instagram */,
			);
		};
/* End PBXProject section */

/* Begin PBXResourcesBuildPhase section */
		F275BC0327FF5FB200145181 /* Resources */ = {
			isa = PBXResourcesBuildPhase;
			buildActionMask = 2147483647;
			files = (
				F2E7A29F2808899400965A17 /* TabBar.storyboard in Resources */,
				F275BC1527FF5FB500145181 /* LaunchScreen.storyboard in Resources */,
				F231879C282B816C0055691A /* HomeStoryTVC.xib in Resources */,
				F275BC5A27FF6B8700145181 /* Colors.xcassets in Resources */,
				F275BC1227FF5FB500145181 /* Assets.xcassets in Resources */,
				F2318798282B81580055691A /* HomeFeedTVC.xib in Resources */,
				F23187A6282B8D0C0055691A /* HomeFeedCVC.xib in Resources */,
				F275BC1027FF5FB200145181 /* Main.storyboard in Resources */,
				F23187A0282B84930055691A /* HomeStoryCVC.xib in Resources */,
			);
			runOnlyForDeploymentPostprocessing = 0;
		};
/* End PBXResourcesBuildPhase section */

/* Begin PBXShellScriptBuildPhase section */
		1B60AA185FA18D2EAA9D98DB /* [CP] Check Pods Manifest.lock */ = {
			isa = PBXShellScriptBuildPhase;
			buildActionMask = 2147483647;
			files = (
			);
			inputFileListPaths = (
			);
			inputPaths = (
				"${PODS_PODFILE_DIR_PATH}/Podfile.lock",
				"${PODS_ROOT}/Manifest.lock",
			);
			name = "[CP] Check Pods Manifest.lock";
			outputFileListPaths = (
			);
			outputPaths = (
				"$(DERIVED_FILE_DIR)/Pods-30th_Instagram-checkManifestLockResult.txt",
			);
			runOnlyForDeploymentPostprocessing = 0;
			shellPath = /bin/sh;
			shellScript = "diff \"${PODS_PODFILE_DIR_PATH}/Podfile.lock\" \"${PODS_ROOT}/Manifest.lock\" > /dev/null\nif [ $? != 0 ] ; then\n    # print error to STDERR\n    echo \"error: The sandbox is not in sync with the Podfile.lock. Run 'pod install' or update your CocoaPods installation.\" >&2\n    exit 1\nfi\n# This output is used by Xcode 'outputs' to avoid re-running this script phase.\necho \"SUCCESS\" > \"${SCRIPT_OUTPUT_FILE_0}\"\n";
			showEnvVarsInLog = 0;
		};
		E3BCD1D085459B8574F49E10 /* [CP] Embed Pods Frameworks */ = {
			isa = PBXShellScriptBuildPhase;
			buildActionMask = 2147483647;
			files = (
			);
			inputFileListPaths = (
				"${PODS_ROOT}/Target Support Files/Pods-30th_Instagram/Pods-30th_Instagram-frameworks-${CONFIGURATION}-input-files.xcfilelist",
			);
			name = "[CP] Embed Pods Frameworks";
			outputFileListPaths = (
				"${PODS_ROOT}/Target Support Files/Pods-30th_Instagram/Pods-30th_Instagram-frameworks-${CONFIGURATION}-output-files.xcfilelist",
			);
			runOnlyForDeploymentPostprocessing = 0;
			shellPath = /bin/sh;
			shellScript = "\"${PODS_ROOT}/Target Support Files/Pods-30th_Instagram/Pods-30th_Instagram-frameworks.sh\"\n";
			showEnvVarsInLog = 0;
		};
/* End PBXShellScriptBuildPhase section */

/* Begin PBXSourcesBuildPhase section */
		F275BC0127FF5FB200145181 /* Sources */ = {
			isa = PBXSourcesBuildPhase;
			buildActionMask = 2147483647;
			files = (
				F231879B282B816C0055691A /* HomeStoryTVC.swift in Sources */,
				F23187A8282B8D1A0055691A /* FeedDataModel.swift in Sources */,
				F23187A5282B8D0C0055691A /* HomeFeedCVC.swift in Sources */,
				F275BC0D27FF5FB200145181 /* LoginVC.swift in Sources */,
				F2FB7BC62800122C00B4CE85 /* UITableViewRegisterable.swift in Sources */,
				F2FB7BBB2800101600B4CE85 /* press + UIButton.swift in Sources */,
				F23187B9282BB0830055691A /* makeAlert + .swift in Sources */,
				F2D7614A2801E2BB008C2B27 /* SignUpPwVC.swift in Sources */,
				F2FB7BBD2800103A00B4CE85 /* makeVibrate + UIViewController.swift in Sources */,
				F23187B1282BA5D10055691A /* SignUpModel.swift in Sources */,
				F2E7A2A1280889E300965A17 /* InstaTBC.swift in Sources */,
				F2E7A2AB28088A7800965A17 /* ProfileVC.swift in Sources */,
				F2D7614C2801E2CE008C2B27 /* WelcomeVC.swift in Sources */,
				F2FB7BC12800116C00B4CE85 /* keyboard + UIViewController.swift in Sources */,
				F275BC0927FF5FB200145181 /* AppDelegate.swift in Sources */,
				F23187A2282B85120055691A /* StoryDataModel.swift in Sources */,
				F2FB7BBF2800113B00B4CE85 /* getClassName.swift in Sources */,
				F2E7A2A328088A1100965A17 /* HomeVC.swift in Sources */,
				F23187B2282BA5D10055691A /* UserLoginService.swift in Sources */,
				F2318797282B81580055691A /* HomeFeedTVC.swift in Sources */,
				F2E7A2A528088A2700965A17 /* SearchVC.swift in Sources */,
				F23187B4282BA5D10055691A /* LoginModel.swift in Sources */,
				F2E7A2A728088A6200965A17 /* ReelsVC.swift in Sources */,
				F275BC0B27FF5FB200145181 /* SceneDelegate.swift in Sources */,
				F23187B5282BA5D10055691A /* NetworkResult.swift in Sources */,
				F2FB7BC42800121600B4CE85 /* UICollectionViewRegisterable.swift in Sources */,
				F275BC5027FF6A3C00145181 /* ImageLiterals.swift in Sources */,
				F2E7A2A928088A6C00965A17 /* ShopVC.swift in Sources */,
				F23187AB282BA5C40055691A /* APIConstants.swift in Sources */,
				F2D761482801E2A0008C2B27 /* SignUpNickNameVC.swift in Sources */,
				F275BC4C27FF69CE00145181 /* ColorLiterals.swift in Sources */,
				F23187BB282BB1370055691A /* UserDefaults  + .swift in Sources */,
				F23187B3282BA5D10055691A /* UserSignUpService.swift in Sources */,
				F231879F282B84930055691A /* HomeStoryCVC.swift in Sources */,
			);
			runOnlyForDeploymentPostprocessing = 0;
		};
/* End PBXSourcesBuildPhase section */

/* Begin PBXVariantGroup section */
		F275BC0E27FF5FB200145181 /* Main.storyboard */ = {
			isa = PBXVariantGroup;
			children = (
				F275BC0F27FF5FB200145181 /* Base */,
			);
			name = Main.storyboard;
			sourceTree = "<group>";
		};
		F275BC1327FF5FB500145181 /* LaunchScreen.storyboard */ = {
			isa = PBXVariantGroup;
			children = (
				F275BC1427FF5FB500145181 /* Base */,
			);
			name = LaunchScreen.storyboard;
			sourceTree = "<group>";
		};
/* End PBXVariantGroup section */

/* Begin XCBuildConfiguration section */
		F275BC1727FF5FB500145181 /* Debug */ = {
			isa = XCBuildConfiguration;
			buildSettings = {
				ALWAYS_SEARCH_USER_PATHS = NO;
				CLANG_ANALYZER_NONNULL = YES;
				CLANG_ANALYZER_NUMBER_OBJECT_CONVERSION = YES_AGGRESSIVE;
				CLANG_CXX_LANGUAGE_STANDARD = "gnu++17";
				CLANG_ENABLE_MODULES = YES;
				CLANG_ENABLE_OBJC_ARC = YES;
				CLANG_ENABLE_OBJC_WEAK = YES;
				CLANG_WARN_BLOCK_CAPTURE_AUTORELEASING = YES;
				CLANG_WARN_BOOL_CONVERSION = YES;
				CLANG_WARN_COMMA = YES;
				CLANG_WARN_CONSTANT_CONVERSION = YES;
				CLANG_WARN_DEPRECATED_OBJC_IMPLEMENTATIONS = YES;
				CLANG_WARN_DIRECT_OBJC_ISA_USAGE = YES_ERROR;
				CLANG_WARN_DOCUMENTATION_COMMENTS = YES;
				CLANG_WARN_EMPTY_BODY = YES;
				CLANG_WARN_ENUM_CONVERSION = YES;
				CLANG_WARN_INFINITE_RECURSION = YES;
				CLANG_WARN_INT_CONVERSION = YES;
				CLANG_WARN_NON_LITERAL_NULL_CONVERSION = YES;
				CLANG_WARN_OBJC_IMPLICIT_RETAIN_SELF = YES;
				CLANG_WARN_OBJC_LITERAL_CONVERSION = YES;
				CLANG_WARN_OBJC_ROOT_CLASS = YES_ERROR;
				CLANG_WARN_QUOTED_INCLUDE_IN_FRAMEWORK_HEADER = YES;
				CLANG_WARN_RANGE_LOOP_ANALYSIS = YES;
				CLANG_WARN_STRICT_PROTOTYPES = YES;
				CLANG_WARN_SUSPICIOUS_MOVE = YES;
				CLANG_WARN_UNGUARDED_AVAILABILITY = YES_AGGRESSIVE;
				CLANG_WARN_UNREACHABLE_CODE = YES;
				CLANG_WARN__DUPLICATE_METHOD_MATCH = YES;
				COPY_PHASE_STRIP = NO;
				DEBUG_INFORMATION_FORMAT = dwarf;
				ENABLE_STRICT_OBJC_MSGSEND = YES;
				ENABLE_TESTABILITY = YES;
				GCC_C_LANGUAGE_STANDARD = gnu11;
				GCC_DYNAMIC_NO_PIC = NO;
				GCC_NO_COMMON_BLOCKS = YES;
				GCC_OPTIMIZATION_LEVEL = 0;
				GCC_PREPROCESSOR_DEFINITIONS = (
					"DEBUG=1",
					"$(inherited)",
				);
				GCC_WARN_64_TO_32_BIT_CONVERSION = YES;
				GCC_WARN_ABOUT_RETURN_TYPE = YES_ERROR;
				GCC_WARN_UNDECLARED_SELECTOR = YES;
				GCC_WARN_UNINITIALIZED_AUTOS = YES_AGGRESSIVE;
				GCC_WARN_UNUSED_FUNCTION = YES;
				GCC_WARN_UNUSED_VARIABLE = YES;
				IPHONEOS_DEPLOYMENT_TARGET = 15.4;
				MTL_ENABLE_DEBUG_INFO = INCLUDE_SOURCE;
				MTL_FAST_MATH = YES;
				ONLY_ACTIVE_ARCH = YES;
				SDKROOT = iphoneos;
				SWIFT_ACTIVE_COMPILATION_CONDITIONS = DEBUG;
				SWIFT_OPTIMIZATION_LEVEL = "-Onone";
			};
			name = Debug;
		};
		F275BC1827FF5FB500145181 /* Release */ = {
			isa = XCBuildConfiguration;
			buildSettings = {
				ALWAYS_SEARCH_USER_PATHS = NO;
				CLANG_ANALYZER_NONNULL = YES;
				CLANG_ANALYZER_NUMBER_OBJECT_CONVERSION = YES_AGGRESSIVE;
				CLANG_CXX_LANGUAGE_STANDARD = "gnu++17";
				CLANG_ENABLE_MODULES = YES;
				CLANG_ENABLE_OBJC_ARC = YES;
				CLANG_ENABLE_OBJC_WEAK = YES;
				CLANG_WARN_BLOCK_CAPTURE_AUTORELEASING = YES;
				CLANG_WARN_BOOL_CONVERSION = YES;
				CLANG_WARN_COMMA = YES;
				CLANG_WARN_CONSTANT_CONVERSION = YES;
				CLANG_WARN_DEPRECATED_OBJC_IMPLEMENTATIONS = YES;
				CLANG_WARN_DIRECT_OBJC_ISA_USAGE = YES_ERROR;
				CLANG_WARN_DOCUMENTATION_COMMENTS = YES;
				CLANG_WARN_EMPTY_BODY = YES;
				CLANG_WARN_ENUM_CONVERSION = YES;
				CLANG_WARN_INFINITE_RECURSION = YES;
				CLANG_WARN_INT_CONVERSION = YES;
				CLANG_WARN_NON_LITERAL_NULL_CONVERSION = YES;
				CLANG_WARN_OBJC_IMPLICIT_RETAIN_SELF = YES;
				CLANG_WARN_OBJC_LITERAL_CONVERSION = YES;
				CLANG_WARN_OBJC_ROOT_CLASS = YES_ERROR;
				CLANG_WARN_QUOTED_INCLUDE_IN_FRAMEWORK_HEADER = YES;
				CLANG_WARN_RANGE_LOOP_ANALYSIS = YES;
				CLANG_WARN_STRICT_PROTOTYPES = YES;
				CLANG_WARN_SUSPICIOUS_MOVE = YES;
				CLANG_WARN_UNGUARDED_AVAILABILITY = YES_AGGRESSIVE;
				CLANG_WARN_UNREACHABLE_CODE = YES;
				CLANG_WARN__DUPLICATE_METHOD_MATCH = YES;
				COPY_PHASE_STRIP = NO;
				DEBUG_INFORMATION_FORMAT = "dwarf-with-dsym";
				ENABLE_NS_ASSERTIONS = NO;
				ENABLE_STRICT_OBJC_MSGSEND = YES;
				GCC_C_LANGUAGE_STANDARD = gnu11;
				GCC_NO_COMMON_BLOCKS = YES;
				GCC_WARN_64_TO_32_BIT_CONVERSION = YES;
				GCC_WARN_ABOUT_RETURN_TYPE = YES_ERROR;
				GCC_WARN_UNDECLARED_SELECTOR = YES;
				GCC_WARN_UNINITIALIZED_AUTOS = YES_AGGRESSIVE;
				GCC_WARN_UNUSED_FUNCTION = YES;
				GCC_WARN_UNUSED_VARIABLE = YES;
				IPHONEOS_DEPLOYMENT_TARGET = 15.4;
				MTL_ENABLE_DEBUG_INFO = NO;
				MTL_FAST_MATH = YES;
				SDKROOT = iphoneos;
				SWIFT_COMPILATION_MODE = wholemodule;
				SWIFT_OPTIMIZATION_LEVEL = "-O";
				VALIDATE_PRODUCT = YES;
			};
			name = Release;
		};
		F275BC1A27FF5FB500145181 /* Debug */ = {
			isa = XCBuildConfiguration;
			baseConfigurationReference = 55183FC4FE0DC999803F4788 /* Pods-30th_Instagram.debug.xcconfig */;
			buildSettings = {
				ASSETCATALOG_COMPILER_APPICON_NAME = AppIcon;
				ASSETCATALOG_COMPILER_GLOBAL_ACCENT_COLOR_NAME = AccentColor;
				CODE_SIGN_STYLE = Automatic;
				CURRENT_PROJECT_VERSION = 1;
				DEVELOPMENT_TEAM = 5JQQ946A44;
				GENERATE_INFOPLIST_FILE = YES;
				INFOPLIST_FILE = 30th_Instagram/Info.plist;
				INFOPLIST_KEY_UIApplicationSupportsIndirectInputEvents = YES;
				INFOPLIST_KEY_UILaunchStoryboardName = LaunchScreen;
				INFOPLIST_KEY_UIMainStoryboardFile = Main;
				INFOPLIST_KEY_UISupportedInterfaceOrientations_iPad = "UIInterfaceOrientationPortrait UIInterfaceOrientationPortraitUpsideDown UIInterfaceOrientationLandscapeLeft UIInterfaceOrientationLandscapeRight";
				INFOPLIST_KEY_UISupportedInterfaceOrientations_iPhone = "UIInterfaceOrientationPortrait UIInterfaceOrientationLandscapeLeft UIInterfaceOrientationLandscapeRight";
				LD_RUNPATH_SEARCH_PATHS = (
					"$(inherited)",
					"@executable_path/Frameworks",
				);
				MARKETING_VERSION = 1.0;
				PRODUCT_BUNDLE_IDENTIFIER = "com.hellozo0.-0th-Instagram";
				PRODUCT_NAME = "$(TARGET_NAME)";
				SWIFT_EMIT_LOC_STRINGS = YES;
				SWIFT_VERSION = 5.0;
				TARGETED_DEVICE_FAMILY = "1,2";
			};
			name = Debug;
		};
		F275BC1B27FF5FB500145181 /* Release */ = {
			isa = XCBuildConfiguration;
			baseConfigurationReference = D04D7EA948A79FB9DFD31237 /* Pods-30th_Instagram.release.xcconfig */;
			buildSettings = {
				ASSETCATALOG_COMPILER_APPICON_NAME = AppIcon;
				ASSETCATALOG_COMPILER_GLOBAL_ACCENT_COLOR_NAME = AccentColor;
				CODE_SIGN_STYLE = Automatic;
				CURRENT_PROJECT_VERSION = 1;
				DEVELOPMENT_TEAM = 5JQQ946A44;
				GENERATE_INFOPLIST_FILE = YES;
				INFOPLIST_FILE = 30th_Instagram/Info.plist;
				INFOPLIST_KEY_UIApplicationSupportsIndirectInputEvents = YES;
				INFOPLIST_KEY_UILaunchStoryboardName = LaunchScreen;
				INFOPLIST_KEY_UIMainStoryboardFile = Main;
				INFOPLIST_KEY_UISupportedInterfaceOrientations_iPad = "UIInterfaceOrientationPortrait UIInterfaceOrientationPortraitUpsideDown UIInterfaceOrientationLandscapeLeft UIInterfaceOrientationLandscapeRight";
				INFOPLIST_KEY_UISupportedInterfaceOrientations_iPhone = "UIInterfaceOrientationPortrait UIInterfaceOrientationLandscapeLeft UIInterfaceOrientationLandscapeRight";
				LD_RUNPATH_SEARCH_PATHS = (
					"$(inherited)",
					"@executable_path/Frameworks",
				);
				MARKETING_VERSION = 1.0;
				PRODUCT_BUNDLE_IDENTIFIER = "com.hellozo0.-0th-Instagram";
				PRODUCT_NAME = "$(TARGET_NAME)";
				SWIFT_EMIT_LOC_STRINGS = YES;
				SWIFT_VERSION = 5.0;
				TARGETED_DEVICE_FAMILY = "1,2";
			};
			name = Release;
		};
/* End XCBuildConfiguration section */

/* Begin XCConfigurationList section */
		F275BC0027FF5FB200145181 /* Build configuration list for PBXProject "30th_Instagram" */ = {
			isa = XCConfigurationList;
			buildConfigurations = (
				F275BC1727FF5FB500145181 /* Debug */,
				F275BC1827FF5FB500145181 /* Release */,
			);
			defaultConfigurationIsVisible = 0;
			defaultConfigurationName = Release;
		};
		F275BC1927FF5FB500145181 /* Build configuration list for PBXNativeTarget "30th_Instagram" */ = {
			isa = XCConfigurationList;
			buildConfigurations = (
				F275BC1A27FF5FB500145181 /* Debug */,
				F275BC1B27FF5FB500145181 /* Release */,
			);
			defaultConfigurationIsVisible = 0;
			defaultConfigurationName = Release;
		};
/* End XCConfigurationList section */
	};
	rootObject = F275BBFD27FF5FB200145181 /* Project object */;
}
