// !$*UTF8*$!
{
	archiveVersion = 1;
	classes = {
	};
	objectVersion = 55;
	objects = {

/* Begin PBXBuildFile section */
		F20FA7D027F8323C008EBDD0 /* FirstVC.swift in Sources */ = {isa = PBXBuildFile; fileRef = F20FA7CF27F8323C008EBDD0 /* FirstVC.swift */; };
		F20FA7D227F8324A008EBDD0 /* SecondVC.swift in Sources */ = {isa = PBXBuildFile; fileRef = F20FA7D127F8324A008EBDD0 /* SecondVC.swift */; };
		F2D0D18F27F81B25005DDCB2 /* AppDelegate.swift in Sources */ = {isa = PBXBuildFile; fileRef = F2D0D18E27F81B25005DDCB2 /* AppDelegate.swift */; };
		F2D0D19127F81B25005DDCB2 /* SceneDelegate.swift in Sources */ = {isa = PBXBuildFile; fileRef = F2D0D19027F81B25005DDCB2 /* SceneDelegate.swift */; };
		F2D0D19327F81B25005DDCB2 /* ViewController.swift in Sources */ = {isa = PBXBuildFile; fileRef = F2D0D19227F81B25005DDCB2 /* ViewController.swift */; };
		F2D0D19627F81B25005DDCB2 /* Main.storyboard in Resources */ = {isa = PBXBuildFile; fileRef = F2D0D19427F81B25005DDCB2 /* Main.storyboard */; };
		F2D0D19827F81B28005DDCB2 /* Assets.xcassets in Resources */ = {isa = PBXBuildFile; fileRef = F2D0D19727F81B28005DDCB2 /* Assets.xcassets */; };
		F2D0D19B27F81B28005DDCB2 /* LaunchScreen.storyboard in Resources */ = {isa = PBXBuildFile; fileRef = F2D0D19927F81B28005DDCB2 /* LaunchScreen.storyboard */; };
/* End PBXBuildFile section */

/* Begin PBXFileReference section */
		F20FA7CF27F8323C008EBDD0 /* FirstVC.swift */ = {isa = PBXFileReference; lastKnownFileType = sourcecode.swift; path = FirstVC.swift; sourceTree = "<group>"; };
		F20FA7D127F8324A008EBDD0 /* SecondVC.swift */ = {isa = PBXFileReference; lastKnownFileType = sourcecode.swift; path = SecondVC.swift; sourceTree = "<group>"; };
		F2D0D18B27F81B25005DDCB2 /* 30th-week1-seminar.app */ = {isa = PBXFileReference; explicitFileType = wrapper.application; includeInIndex = 0; path = "30th-week1-seminar.app"; sourceTree = BUILT_PRODUCTS_DIR; };
		F2D0D18E27F81B25005DDCB2 /* AppDelegate.swift */ = {isa = PBXFileReference; lastKnownFileType = sourcecode.swift; path = AppDelegate.swift; sourceTree = "<group>"; };
		F2D0D19027F81B25005DDCB2 /* SceneDelegate.swift */ = {isa = PBXFileReference; lastKnownFileType = sourcecode.swift; path = SceneDelegate.swift; sourceTree = "<group>"; };
		F2D0D19227F81B25005DDCB2 /* ViewController.swift */ = {isa = PBXFileReference; lastKnownFileType = sourcecode.swift; path = ViewController.swift; sourceTree = "<group>"; };
		F2D0D19527F81B25005DDCB2 /* Base */ = {isa = PBXFileReference; lastKnownFileType = file.storyboard; name = Base; path = Base.lproj/Main.storyboard; sourceTree = "<group>"; };
		F2D0D19727F81B28005DDCB2 /* Assets.xcassets */ = {isa = PBXFileReference; lastKnownFileType = folder.assetcatalog; path = Assets.xcassets; sourceTree = "<group>"; };
		F2D0D19A27F81B28005DDCB2 /* Base */ = {isa = PBXFileReference; lastKnownFileType = file.storyboard; name = Base; path = Base.lproj/LaunchScreen.storyboard; sourceTree = "<group>"; };
		F2D0D19C27F81B28005DDCB2 /* Info.plist */ = {isa = PBXFileReference; lastKnownFileType = text.plist.xml; path = Info.plist; sourceTree = "<group>"; };
/* End PBXFileReference section */

/* Begin PBXFrameworksBuildPhase section */
		F2D0D18827F81B25005DDCB2 /* Frameworks */ = {
			isa = PBXFrameworksBuildPhase;
			buildActionMask = 2147483647;
			files = (
			);
			runOnlyForDeploymentPostprocessing = 0;
		};
/* End PBXFrameworksBuildPhase section */

/* Begin PBXGroup section */
		F2D0D18227F81B25005DDCB2 = {
			isa = PBXGroup;
			children = (
				F2D0D18D27F81B25005DDCB2 /* 30th-week1-seminar */,
				F2D0D18C27F81B25005DDCB2 /* Products */,
			);
			sourceTree = "<group>";
		};
		F2D0D18C27F81B25005DDCB2 /* Products */ = {
			isa = PBXGroup;
			children = (
				F2D0D18B27F81B25005DDCB2 /* 30th-week1-seminar.app */,
			);
			name = Products;
			sourceTree = "<group>";
		};
		F2D0D18D27F81B25005DDCB2 /* 30th-week1-seminar */ = {
			isa = PBXGroup;
			children = (
				F2D0D18E27F81B25005DDCB2 /* AppDelegate.swift */,
				F2D0D19027F81B25005DDCB2 /* SceneDelegate.swift */,
				F2D0D19227F81B25005DDCB2 /* ViewController.swift */,
				F2D0D19427F81B25005DDCB2 /* Main.storyboard */,
				F2D0D19727F81B28005DDCB2 /* Assets.xcassets */,
				F2D0D19927F81B28005DDCB2 /* LaunchScreen.storyboard */,
				F2D0D19C27F81B28005DDCB2 /* Info.plist */,
				F20FA7CF27F8323C008EBDD0 /* FirstVC.swift */,
				F20FA7D127F8324A008EBDD0 /* SecondVC.swift */,
			);
			path = "30th-week1-seminar";
			sourceTree = "<group>";
		};
/* End PBXGroup section */

/* Begin PBXNativeTarget section */
		F2D0D18A27F81B25005DDCB2 /* 30th-week1-seminar */ = {
			isa = PBXNativeTarget;
			buildConfigurationList = F2D0D19F27F81B28005DDCB2 /* Build configuration list for PBXNativeTarget "30th-week1-seminar" */;
			buildPhases = (
				F2D0D18727F81B25005DDCB2 /* Sources */,
				F2D0D18827F81B25005DDCB2 /* Frameworks */,
				F2D0D18927F81B25005DDCB2 /* Resources */,
			);
			buildRules = (
			);
			dependencies = (
			);
			name = "30th-week1-seminar";
			productName = "30th-week1-seminar";
			productReference = F2D0D18B27F81B25005DDCB2 /* 30th-week1-seminar.app */;
			productType = "com.apple.product-type.application";
		};
/* End PBXNativeTarget section */

/* Begin PBXProject section */
		F2D0D18327F81B25005DDCB2 /* Project object */ = {
			isa = PBXProject;
			attributes = {
				BuildIndependentTargetsInParallel = 1;
				LastSwiftUpdateCheck = 1330;
				LastUpgradeCheck = 1330;
				TargetAttributes = {
					F2D0D18A27F81B25005DDCB2 = {
						CreatedOnToolsVersion = 13.3;
					};
				};
			};
			buildConfigurationList = F2D0D18627F81B25005DDCB2 /* Build configuration list for PBXProject "30th-week1-seminar" */;
			compatibilityVersion = "Xcode 13.0";
			developmentRegion = en;
			hasScannedForEncodings = 0;
			knownRegions = (
				en,
				Base,
			);
			mainGroup = F2D0D18227F81B25005DDCB2;
			productRefGroup = F2D0D18C27F81B25005DDCB2 /* Products */;
			projectDirPath = "";
			projectRoot = "";
			targets = (
				F2D0D18A27F81B25005DDCB2 /* 30th-week1-seminar */,
			);
		};
/* End PBXProject section */

/* Begin PBXResourcesBuildPhase section */
		F2D0D18927F81B25005DDCB2 /* Resources */ = {
			isa = PBXResourcesBuildPhase;
			buildActionMask = 2147483647;
			files = (
				F2D0D19B27F81B28005DDCB2 /* LaunchScreen.storyboard in Resources */,
				F2D0D19827F81B28005DDCB2 /* Assets.xcassets in Resources */,
				F2D0D19627F81B25005DDCB2 /* Main.storyboard in Resources */,
			);
			runOnlyForDeploymentPostprocessing = 0;
		};
/* End PBXResourcesBuildPhase section */

/* Begin PBXSourcesBuildPhase section */
		F2D0D18727F81B25005DDCB2 /* Sources */ = {
			isa = PBXSourcesBuildPhase;
			buildActionMask = 2147483647;
			files = (
				F2D0D19327F81B25005DDCB2 /* ViewController.swift in Sources */,
				F20FA7D227F8324A008EBDD0 /* SecondVC.swift in Sources */,
				F20FA7D027F8323C008EBDD0 /* FirstVC.swift in Sources */,
				F2D0D18F27F81B25005DDCB2 /* AppDelegate.swift in Sources */,
				F2D0D19127F81B25005DDCB2 /* SceneDelegate.swift in Sources */,
			);
			runOnlyForDeploymentPostprocessing = 0;
		};
/* End PBXSourcesBuildPhase section */

/* Begin PBXVariantGroup section */
		F2D0D19427F81B25005DDCB2 /* Main.storyboard */ = {
			isa = PBXVariantGroup;
			children = (
				F2D0D19527F81B25005DDCB2 /* Base */,
			);
			name = Main.storyboard;
			sourceTree = "<group>";
		};
		F2D0D19927F81B28005DDCB2 /* LaunchScreen.storyboard */ = {
			isa = PBXVariantGroup;
			children = (
				F2D0D19A27F81B28005DDCB2 /* Base */,
			);
			name = LaunchScreen.storyboard;
			sourceTree = "<group>";
		};
/* End PBXVariantGroup section */

/* Begin XCBuildConfiguration section */
		F2D0D19D27F81B28005DDCB2 /* Debug */ = {
			isa = XCBuildConfiguration;
			buildSettings = {
				ALWAYS_SEARCH_USER_PATHS = NO;
				CLANG_ANALYZER_NONNULL = YES;
				CLANG_ANALYZER_NUMBER_OBJECT_CONVERSION = YES_AGGRESSIVE;
				CLANG_CXX_LANGUAGE_STANDARD = "gnu++17";
				CLANG_ENABLE_MODULES = YES;
				CLANG_ENABLE_OBJC_ARC = YES;
				CLANG_ENABLE_OBJC_WEAK = YES;
				CLANG_WARN_BLOCK_CAPTURE_AUTORELEASING = YES;
				CLANG_WARN_BOOL_CONVERSION = YES;
				CLANG_WARN_COMMA = YES;
				CLANG_WARN_CONSTANT_CONVERSION = YES;
				CLANG_WARN_DEPRECATED_OBJC_IMPLEMENTATIONS = YES;
				CLANG_WARN_DIRECT_OBJC_ISA_USAGE = YES_ERROR;
				CLANG_WARN_DOCUMENTATION_COMMENTS = YES;
				CLANG_WARN_EMPTY_BODY = YES;
				CLANG_WARN_ENUM_CONVERSION = YES;
				CLANG_WARN_INFINITE_RECURSION = YES;
				CLANG_WARN_INT_CONVERSION = YES;
				CLANG_WARN_NON_LITERAL_NULL_CONVERSION = YES;
				CLANG_WARN_OBJC_IMPLICIT_RETAIN_SELF = YES;
				CLANG_WARN_OBJC_LITERAL_CONVERSION = YES;
				CLANG_WARN_OBJC_ROOT_CLASS = YES_ERROR;
				CLANG_WARN_QUOTED_INCLUDE_IN_FRAMEWORK_HEADER = YES;
				CLANG_WARN_RANGE_LOOP_ANALYSIS = YES;
				CLANG_WARN_STRICT_PROTOTYPES = YES;
				CLANG_WARN_SUSPICIOUS_MOVE = YES;
				CLANG_WARN_UNGUARDED_AVAILABILITY = YES_AGGRESSIVE;
				CLANG_WARN_UNREACHABLE_CODE = YES;
				CLANG_WARN__DUPLICATE_METHOD_MATCH = YES;
				COPY_PHASE_STRIP = NO;
				DEBUG_INFORMATION_FORMAT = dwarf;
				ENABLE_STRICT_OBJC_MSGSEND = YES;
				ENABLE_TESTABILITY = YES;
				GCC_C_LANGUAGE_STANDARD = gnu11;
				GCC_DYNAMIC_NO_PIC = NO;
				GCC_NO_COMMON_BLOCKS = YES;
				GCC_OPTIMIZATION_LEVEL = 0;
				GCC_PREPROCESSOR_DEFINITIONS = (
					"DEBUG=1",
					"$(inherited)",
				);
				GCC_WARN_64_TO_32_BIT_CONVERSION = YES;
				GCC_WARN_ABOUT_RETURN_TYPE = YES_ERROR;
				GCC_WARN_UNDECLARED_SELECTOR = YES;
				GCC_WARN_UNINITIALIZED_AUTOS = YES_AGGRESSIVE;
				GCC_WARN_UNUSED_FUNCTION = YES;
				GCC_WARN_UNUSED_VARIABLE = YES;
				IPHONEOS_DEPLOYMENT_TARGET = 15.4;
				MTL_ENABLE_DEBUG_INFO = INCLUDE_SOURCE;
				MTL_FAST_MATH = YES;
				ONLY_ACTIVE_ARCH = YES;
				SDKROOT = iphoneos;
				SWIFT_ACTIVE_COMPILATION_CONDITIONS = DEBUG;
				SWIFT_OPTIMIZATION_LEVEL = "-Onone";
			};
			name = Debug;
		};
		F2D0D19E27F81B28005DDCB2 /* Release */ = {
			isa = XCBuildConfiguration;
			buildSettings = {
				ALWAYS_SEARCH_USER_PATHS = NO;
				CLANG_ANALYZER_NONNULL = YES;
				CLANG_ANALYZER_NUMBER_OBJECT_CONVERSION = YES_AGGRESSIVE;
				CLANG_CXX_LANGUAGE_STANDARD = "gnu++17";
				CLANG_ENABLE_MODULES = YES;
				CLANG_ENABLE_OBJC_ARC = YES;
				CLANG_ENABLE_OBJC_WEAK = YES;
				CLANG_WARN_BLOCK_CAPTURE_AUTORELEASING = YES;
				CLANG_WARN_BOOL_CONVERSION = YES;
				CLANG_WARN_COMMA = YES;
				CLANG_WARN_CONSTANT_CONVERSION = YES;
				CLANG_WARN_DEPRECATED_OBJC_IMPLEMENTATIONS = YES;
				CLANG_WARN_DIRECT_OBJC_ISA_USAGE = YES_ERROR;
				CLANG_WARN_DOCUMENTATION_COMMENTS = YES;
				CLANG_WARN_EMPTY_BODY = YES;
				CLANG_WARN_ENUM_CONVERSION = YES;
				CLANG_WARN_INFINITE_RECURSION = YES;
				CLANG_WARN_INT_CONVERSION = YES;
				CLANG_WARN_NON_LITERAL_NULL_CONVERSION = YES;
				CLANG_WARN_OBJC_IMPLICIT_RETAIN_SELF = YES;
				CLANG_WARN_OBJC_LITERAL_CONVERSION = YES;
				CLANG_WARN_OBJC_ROOT_CLASS = YES_ERROR;
				CLANG_WARN_QUOTED_INCLUDE_IN_FRAMEWORK_HEADER = YES;
				CLANG_WARN_RANGE_LOOP_ANALYSIS = YES;
				CLANG_WARN_STRICT_PROTOTYPES = YES;
				CLANG_WARN_SUSPICIOUS_MOVE = YES;
				CLANG_WARN_UNGUARDED_AVAILABILITY = YES_AGGRESSIVE;
				CLANG_WARN_UNREACHABLE_CODE = YES;
				CLANG_WARN__DUPLICATE_METHOD_MATCH = YES;
				COPY_PHASE_STRIP = NO;
				DEBUG_INFORMATION_FORMAT = "dwarf-with-dsym";
				ENABLE_NS_ASSERTIONS = NO;
				ENABLE_STRICT_OBJC_MSGSEND = YES;
				GCC_C_LANGUAGE_STANDARD = gnu11;
				GCC_NO_COMMON_BLOCKS = YES;
				GCC_WARN_64_TO_32_BIT_CONVERSION = YES;
				GCC_WARN_ABOUT_RETURN_TYPE = YES_ERROR;
				GCC_WARN_UNDECLARED_SELECTOR = YES;
				GCC_WARN_UNINITIALIZED_AUTOS = YES_AGGRESSIVE;
				GCC_WARN_UNUSED_FUNCTION = YES;
				GCC_WARN_UNUSED_VARIABLE = YES;
				IPHONEOS_DEPLOYMENT_TARGET = 15.4;
				MTL_ENABLE_DEBUG_INFO = NO;
				MTL_FAST_MATH = YES;
				SDKROOT = iphoneos;
				SWIFT_COMPILATION_MODE = wholemodule;
				SWIFT_OPTIMIZATION_LEVEL = "-O";
				VALIDATE_PRODUCT = YES;
			};
			name = Release;
		};
		F2D0D1A027F81B28005DDCB2 /* Debug */ = {
			isa = XCBuildConfiguration;
			buildSettings = {
				ASSETCATALOG_COMPILER_APPICON_NAME = AppIcon;
				ASSETCATALOG_COMPILER_GLOBAL_ACCENT_COLOR_NAME = AccentColor;
				CODE_SIGN_STYLE = Automatic;
				CURRENT_PROJECT_VERSION = 1;
				DEVELOPMENT_TEAM = 5JQQ946A44;
				GENERATE_INFOPLIST_FILE = YES;
				INFOPLIST_FILE = "30th-week1-seminar/Info.plist";
				INFOPLIST_KEY_UIApplicationSupportsIndirectInputEvents = YES;
				INFOPLIST_KEY_UILaunchStoryboardName = LaunchScreen;
				INFOPLIST_KEY_UIMainStoryboardFile = Main;
				INFOPLIST_KEY_UISupportedInterfaceOrientations_iPad = "UIInterfaceOrientationPortrait UIInterfaceOrientationPortraitUpsideDown UIInterfaceOrientationLandscapeLeft UIInterfaceOrientationLandscapeRight";
				INFOPLIST_KEY_UISupportedInterfaceOrientations_iPhone = "UIInterfaceOrientationPortrait UIInterfaceOrientationLandscapeLeft UIInterfaceOrientationLandscapeRight";
				LD_RUNPATH_SEARCH_PATHS = (
					"$(inherited)",
					"@executable_path/Frameworks",
				);
				MARKETING_VERSION = 1.0;
				PRODUCT_BUNDLE_IDENTIFIER = "com.hellozo0.-0th-week1-seminar";
				PRODUCT_NAME = "$(TARGET_NAME)";
				SWIFT_EMIT_LOC_STRINGS = YES;
				SWIFT_VERSION = 5.0;
				TARGETED_DEVICE_FAMILY = "1,2";
			};
			name = Debug;
		};
		F2D0D1A127F81B28005DDCB2 /* Release */ = {
			isa = XCBuildConfiguration;
			buildSettings = {
				ASSETCATALOG_COMPILER_APPICON_NAME = AppIcon;
				ASSETCATALOG_COMPILER_GLOBAL_ACCENT_COLOR_NAME = AccentColor;
				CODE_SIGN_STYLE = Automatic;
				CURRENT_PROJECT_VERSION = 1;
				DEVELOPMENT_TEAM = 5JQQ946A44;
				GENERATE_INFOPLIST_FILE = YES;
				INFOPLIST_FILE = "30th-week1-seminar/Info.plist";
				INFOPLIST_KEY_UIApplicationSupportsIndirectInputEvents = YES;
				INFOPLIST_KEY_UILaunchStoryboardName = LaunchScreen;
				INFOPLIST_KEY_UIMainStoryboardFile = Main;
				INFOPLIST_KEY_UISupportedInterfaceOrientations_iPad = "UIInterfaceOrientationPortrait UIInterfaceOrientationPortraitUpsideDown UIInterfaceOrientationLandscapeLeft UIInterfaceOrientationLandscapeRight";
				INFOPLIST_KEY_UISupportedInterfaceOrientations_iPhone = "UIInterfaceOrientationPortrait UIInterfaceOrientationLandscapeLeft UIInterfaceOrientationLandscapeRight";
				LD_RUNPATH_SEARCH_PATHS = (
					"$(inherited)",
					"@executable_path/Frameworks",
				);
				MARKETING_VERSION = 1.0;
				PRODUCT_BUNDLE_IDENTIFIER = "com.hellozo0.-0th-week1-seminar";
				PRODUCT_NAME = "$(TARGET_NAME)";
				SWIFT_EMIT_LOC_STRINGS = YES;
				SWIFT_VERSION = 5.0;
				TARGETED_DEVICE_FAMILY = "1,2";
			};
			name = Release;
		};
/* End XCBuildConfiguration section */

/* Begin XCConfigurationList section */
		F2D0D18627F81B25005DDCB2 /* Build configuration list for PBXProject "30th-week1-seminar" */ = {
			isa = XCConfigurationList;
			buildConfigurations = (
				F2D0D19D27F81B28005DDCB2 /* Debug */,
				F2D0D19E27F81B28005DDCB2 /* Release */,
			);
			defaultConfigurationIsVisible = 0;
			defaultConfigurationName = Release;
		};
		F2D0D19F27F81B28005DDCB2 /* Build configuration list for PBXNativeTarget "30th-week1-seminar" */ = {
			isa = XCConfigurationList;
			buildConfigurations = (
				F2D0D1A027F81B28005DDCB2 /* Debug */,
				F2D0D1A127F81B28005DDCB2 /* Release */,
			);
			defaultConfigurationIsVisible = 0;
			defaultConfigurationName = Release;
		};
/* End XCConfigurationList section */
	};
	rootObject = F2D0D18327F81B25005DDCB2 /* Project object */;
}
