// !$*UTF8*$!
{
	archiveVersion = 1;
	classes = {
	};
	objectVersion = 55;
	objects = {

/* Begin PBXBuildFile section */
		F290F63A2813C8A200C76F9F /* AppDelegate.swift in Sources */ = {isa = PBXBuildFile; fileRef = F290F6392813C8A200C76F9F /* AppDelegate.swift */; };
		F290F63C2813C8A200C76F9F /* SceneDelegate.swift in Sources */ = {isa = PBXBuildFile; fileRef = F290F63B2813C8A200C76F9F /* SceneDelegate.swift */; };
		F290F63E2813C8A200C76F9F /* ViewController.swift in Sources */ = {isa = PBXBuildFile; fileRef = F290F63D2813C8A200C76F9F /* ViewController.swift */; };
		F290F6412813C8A200C76F9F /* Main.storyboard in Resources */ = {isa = PBXBuildFile; fileRef = F290F63F2813C8A200C76F9F /* Main.storyboard */; };
		F290F6432813C8A400C76F9F /* Assets.xcassets in Resources */ = {isa = PBXBuildFile; fileRef = F290F6422813C8A400C76F9F /* Assets.xcassets */; };
		F290F6462813C8A400C76F9F /* LaunchScreen.storyboard in Resources */ = {isa = PBXBuildFile; fileRef = F290F6442813C8A400C76F9F /* LaunchScreen.storyboard */; };
		F290F64E2813D6F000C76F9F /* TableViewPractice.storyboard in Resources */ = {isa = PBXBuildFile; fileRef = F290F64D2813D6F000C76F9F /* TableViewPractice.storyboard */; };
		F290F6502813D76700C76F9F /* TableViewPracticeVC.swift in Sources */ = {isa = PBXBuildFile; fileRef = F290F64F2813D76700C76F9F /* TableViewPracticeVC.swift */; };
		F290F6562813D7E700C76F9F /* MusicTVC.swift in Sources */ = {isa = PBXBuildFile; fileRef = F290F6542813D7E700C76F9F /* MusicTVC.swift */; };
		F290F6572813D7E700C76F9F /* MusicTVC.xib in Resources */ = {isa = PBXBuildFile; fileRef = F290F6552813D7E700C76F9F /* MusicTVC.xib */; };
		F290F6592813D88800C76F9F /* MusicDataModel.swift in Sources */ = {isa = PBXBuildFile; fileRef = F290F6582813D88800C76F9F /* MusicDataModel.swift */; };
		F290F65C2813DE8E00C76F9F /* CollectionViewPractice.storyboard in Resources */ = {isa = PBXBuildFile; fileRef = F290F65B2813DE8E00C76F9F /* CollectionViewPractice.storyboard */; };
		F290F65E2813DEC600C76F9F /* CollectionViewPractiveVC.swift in Sources */ = {isa = PBXBuildFile; fileRef = F290F65D2813DEC600C76F9F /* CollectionViewPractiveVC.swift */; };
		F290F6632813DF7700C76F9F /* MusicCVC.swift in Sources */ = {isa = PBXBuildFile; fileRef = F290F6612813DF7700C76F9F /* MusicCVC.swift */; };
		F290F6642813DF7700C76F9F /* MusicCVC.xib in Resources */ = {isa = PBXBuildFile; fileRef = F290F6622813DF7700C76F9F /* MusicCVC.xib */; };
		F290F6662813E0F000C76F9F /* AlbumDataModel.swift in Sources */ = {isa = PBXBuildFile; fileRef = F290F6652813E0F000C76F9F /* AlbumDataModel.swift */; };
/* End PBXBuildFile section */

/* Begin PBXFileReference section */
		F290F6362813C8A200C76F9F /* 30th-week3-seminar.app */ = {isa = PBXFileReference; explicitFileType = wrapper.application; includeInIndex = 0; path = "30th-week3-seminar.app"; sourceTree = BUILT_PRODUCTS_DIR; };
		F290F6392813C8A200C76F9F /* AppDelegate.swift */ = {isa = PBXFileReference; lastKnownFileType = sourcecode.swift; path = AppDelegate.swift; sourceTree = "<group>"; };
		F290F63B2813C8A200C76F9F /* SceneDelegate.swift */ = {isa = PBXFileReference; lastKnownFileType = sourcecode.swift; path = SceneDelegate.swift; sourceTree = "<group>"; };
		F290F63D2813C8A200C76F9F /* ViewController.swift */ = {isa = PBXFileReference; lastKnownFileType = sourcecode.swift; path = ViewController.swift; sourceTree = "<group>"; };
		F290F6402813C8A200C76F9F /* Base */ = {isa = PBXFileReference; lastKnownFileType = file.storyboard; name = Base; path = Base.lproj/Main.storyboard; sourceTree = "<group>"; };
		F290F6422813C8A400C76F9F /* Assets.xcassets */ = {isa = PBXFileReference; lastKnownFileType = folder.assetcatalog; path = Assets.xcassets; sourceTree = "<group>"; };
		F290F6452813C8A400C76F9F /* Base */ = {isa = PBXFileReference; lastKnownFileType = file.storyboard; name = Base; path = Base.lproj/LaunchScreen.storyboard; sourceTree = "<group>"; };
		F290F6472813C8A400C76F9F /* Info.plist */ = {isa = PBXFileReference; lastKnownFileType = text.plist.xml; path = Info.plist; sourceTree = "<group>"; };
		F290F64D2813D6F000C76F9F /* TableViewPractice.storyboard */ = {isa = PBXFileReference; lastKnownFileType = file.storyboard; path = TableViewPractice.storyboard; sourceTree = "<group>"; };
		F290F64F2813D76700C76F9F /* TableViewPracticeVC.swift */ = {isa = PBXFileReference; lastKnownFileType = sourcecode.swift; path = TableViewPracticeVC.swift; sourceTree = "<group>"; };
		F290F6542813D7E700C76F9F /* MusicTVC.swift */ = {isa = PBXFileReference; lastKnownFileType = sourcecode.swift; path = MusicTVC.swift; sourceTree = "<group>"; };
		F290F6552813D7E700C76F9F /* MusicTVC.xib */ = {isa = PBXFileReference; lastKnownFileType = file.xib; path = MusicTVC.xib; sourceTree = "<group>"; };
		F290F6582813D88800C76F9F /* MusicDataModel.swift */ = {isa = PBXFileReference; lastKnownFileType = sourcecode.swift; path = MusicDataModel.swift; sourceTree = "<group>"; };
		F290F65B2813DE8E00C76F9F /* CollectionViewPractice.storyboard */ = {isa = PBXFileReference; lastKnownFileType = file.storyboard; path = CollectionViewPractice.storyboard; sourceTree = "<group>"; };
		F290F65D2813DEC600C76F9F /* CollectionViewPractiveVC.swift */ = {isa = PBXFileReference; lastKnownFileType = sourcecode.swift; path = CollectionViewPractiveVC.swift; sourceTree = "<group>"; };
		F290F6612813DF7700C76F9F /* MusicCVC.swift */ = {isa = PBXFileReference; lastKnownFileType = sourcecode.swift; path = MusicCVC.swift; sourceTree = "<group>"; };
		F290F6622813DF7700C76F9F /* MusicCVC.xib */ = {isa = PBXFileReference; lastKnownFileType = file.xib; path = MusicCVC.xib; sourceTree = "<group>"; };
		F290F6652813E0F000C76F9F /* AlbumDataModel.swift */ = {isa = PBXFileReference; lastKnownFileType = sourcecode.swift; path = AlbumDataModel.swift; sourceTree = "<group>"; };
/* End PBXFileReference section */

/* Begin PBXFrameworksBuildPhase section */
		F290F6332813C8A200C76F9F /* Frameworks */ = {
			isa = PBXFrameworksBuildPhase;
			buildActionMask = 2147483647;
			files = (
			);
			runOnlyForDeploymentPostprocessing = 0;
		};
/* End PBXFrameworksBuildPhase section */

/* Begin PBXGroup section */
		F290F62D2813C8A200C76F9F = {
			isa = PBXGroup;
			children = (
				F290F6382813C8A200C76F9F /* 30th-week3-seminar */,
				F290F6372813C8A200C76F9F /* Products */,
			);
			sourceTree = "<group>";
		};
		F290F6372813C8A200C76F9F /* Products */ = {
			isa = PBXGroup;
			children = (
				F290F6362813C8A200C76F9F /* 30th-week3-seminar.app */,
			);
			name = Products;
			sourceTree = "<group>";
		};
		F290F6382813C8A200C76F9F /* 30th-week3-seminar */ = {
			isa = PBXGroup;
			children = (
				F290F65A2813DE7C00C76F9F /* CollectionView */,
				F290F6512813D78E00C76F9F /* TableView */,
				F290F6392813C8A200C76F9F /* AppDelegate.swift */,
				F290F63B2813C8A200C76F9F /* SceneDelegate.swift */,
				F290F63D2813C8A200C76F9F /* ViewController.swift */,
				F290F63F2813C8A200C76F9F /* Main.storyboard */,
				F290F6422813C8A400C76F9F /* Assets.xcassets */,
				F290F6442813C8A400C76F9F /* LaunchScreen.storyboard */,
				F290F6472813C8A400C76F9F /* Info.plist */,
			);
			path = "30th-week3-seminar";
			sourceTree = "<group>";
		};
		F290F6512813D78E00C76F9F /* TableView */ = {
			isa = PBXGroup;
			children = (
				F290F64D2813D6F000C76F9F /* TableViewPractice.storyboard */,
				F290F64F2813D76700C76F9F /* TableViewPracticeVC.swift */,
				F290F6542813D7E700C76F9F /* MusicTVC.swift */,
				F290F6552813D7E700C76F9F /* MusicTVC.xib */,
				F290F6582813D88800C76F9F /* MusicDataModel.swift */,
			);
			path = TableView;
			sourceTree = "<group>";
		};
		F290F65A2813DE7C00C76F9F /* CollectionView */ = {
			isa = PBXGroup;
			children = (
				F290F65B2813DE8E00C76F9F /* CollectionViewPractice.storyboard */,
				F290F65D2813DEC600C76F9F /* CollectionViewPractiveVC.swift */,
				F290F6612813DF7700C76F9F /* MusicCVC.swift */,
				F290F6622813DF7700C76F9F /* MusicCVC.xib */,
				F290F6652813E0F000C76F9F /* AlbumDataModel.swift */,
			);
			path = CollectionView;
			sourceTree = "<group>";
		};
/* End PBXGroup section */

/* Begin PBXNativeTarget section */
		F290F6352813C8A200C76F9F /* 30th-week3-seminar */ = {
			isa = PBXNativeTarget;
			buildConfigurationList = F290F64A2813C8A400C76F9F /* Build configuration list for PBXNativeTarget "30th-week3-seminar" */;
			buildPhases = (
				F290F6322813C8A200C76F9F /* Sources */,
				F290F6332813C8A200C76F9F /* Frameworks */,
				F290F6342813C8A200C76F9F /* Resources */,
			);
			buildRules = (
			);
			dependencies = (
			);
			name = "30th-week3-seminar";
			productName = "30th-week3-seminar";
			productReference = F290F6362813C8A200C76F9F /* 30th-week3-seminar.app */;
			productType = "com.apple.product-type.application";
		};
/* End PBXNativeTarget section */

/* Begin PBXProject section */
		F290F62E2813C8A200C76F9F /* Project object */ = {
			isa = PBXProject;
			attributes = {
				BuildIndependentTargetsInParallel = 1;
				LastSwiftUpdateCheck = 1330;
				LastUpgradeCheck = 1330;
				TargetAttributes = {
					F290F6352813C8A200C76F9F = {
						CreatedOnToolsVersion = 13.3.1;
					};
				};
			};
			buildConfigurationList = F290F6312813C8A200C76F9F /* Build configuration list for PBXProject "30th-week3-seminar" */;
			compatibilityVersion = "Xcode 13.0";
			developmentRegion = en;
			hasScannedForEncodings = 0;
			knownRegions = (
				en,
				Base,
			);
			mainGroup = F290F62D2813C8A200C76F9F;
			productRefGroup = F290F6372813C8A200C76F9F /* Products */;
			projectDirPath = "";
			projectRoot = "";
			targets = (
				F290F6352813C8A200C76F9F /* 30th-week3-seminar */,
			);
		};
/* End PBXProject section */

/* Begin PBXResourcesBuildPhase section */
		F290F6342813C8A200C76F9F /* Resources */ = {
			isa = PBXResourcesBuildPhase;
			buildActionMask = 2147483647;
			files = (
				F290F6462813C8A400C76F9F /* LaunchScreen.storyboard in Resources */,
				F290F6642813DF7700C76F9F /* MusicCVC.xib in Resources */,
				F290F64E2813D6F000C76F9F /* TableViewPractice.storyboard in Resources */,
				F290F6572813D7E700C76F9F /* MusicTVC.xib in Resources */,
				F290F6432813C8A400C76F9F /* Assets.xcassets in Resources */,
				F290F65C2813DE8E00C76F9F /* CollectionViewPractice.storyboard in Resources */,
				F290F6412813C8A200C76F9F /* Main.storyboard in Resources */,
			);
			runOnlyForDeploymentPostprocessing = 0;
		};
/* End PBXResourcesBuildPhase section */

/* Begin PBXSourcesBuildPhase section */
		F290F6322813C8A200C76F9F /* Sources */ = {
			isa = PBXSourcesBuildPhase;
			buildActionMask = 2147483647;
			files = (
				F290F63E2813C8A200C76F9F /* ViewController.swift in Sources */,
				F290F6562813D7E700C76F9F /* MusicTVC.swift in Sources */,
				F290F63A2813C8A200C76F9F /* AppDelegate.swift in Sources */,
				F290F65E2813DEC600C76F9F /* CollectionViewPractiveVC.swift in Sources */,
				F290F63C2813C8A200C76F9F /* SceneDelegate.swift in Sources */,
				F290F6502813D76700C76F9F /* TableViewPracticeVC.swift in Sources */,
				F290F6632813DF7700C76F9F /* MusicCVC.swift in Sources */,
				F290F6592813D88800C76F9F /* MusicDataModel.swift in Sources */,
				F290F6662813E0F000C76F9F /* AlbumDataModel.swift in Sources */,
			);
			runOnlyForDeploymentPostprocessing = 0;
		};
/* End PBXSourcesBuildPhase section */

/* Begin PBXVariantGroup section */
		F290F63F2813C8A200C76F9F /* Main.storyboard */ = {
			isa = PBXVariantGroup;
			children = (
				F290F6402813C8A200C76F9F /* Base */,
			);
			name = Main.storyboard;
			sourceTree = "<group>";
		};
		F290F6442813C8A400C76F9F /* LaunchScreen.storyboard */ = {
			isa = PBXVariantGroup;
			children = (
				F290F6452813C8A400C76F9F /* Base */,
			);
			name = LaunchScreen.storyboard;
			sourceTree = "<group>";
		};
/* End PBXVariantGroup section */

/* Begin XCBuildConfiguration section */
		F290F6482813C8A400C76F9F /* Debug */ = {
			isa = XCBuildConfiguration;
			buildSettings = {
				ALWAYS_SEARCH_USER_PATHS = NO;
				CLANG_ANALYZER_NONNULL = YES;
				CLANG_ANALYZER_NUMBER_OBJECT_CONVERSION = YES_AGGRESSIVE;
				CLANG_CXX_LANGUAGE_STANDARD = "gnu++17";
				CLANG_ENABLE_MODULES = YES;
				CLANG_ENABLE_OBJC_ARC = YES;
				CLANG_ENABLE_OBJC_WEAK = YES;
				CLANG_WARN_BLOCK_CAPTURE_AUTORELEASING = YES;
				CLANG_WARN_BOOL_CONVERSION = YES;
				CLANG_WARN_COMMA = YES;
				CLANG_WARN_CONSTANT_CONVERSION = YES;
				CLANG_WARN_DEPRECATED_OBJC_IMPLEMENTATIONS = YES;
				CLANG_WARN_DIRECT_OBJC_ISA_USAGE = YES_ERROR;
				CLANG_WARN_DOCUMENTATION_COMMENTS = YES;
				CLANG_WARN_EMPTY_BODY = YES;
				CLANG_WARN_ENUM_CONVERSION = YES;
				CLANG_WARN_INFINITE_RECURSION = YES;
				CLANG_WARN_INT_CONVERSION = YES;
				CLANG_WARN_NON_LITERAL_NULL_CONVERSION = YES;
				CLANG_WARN_OBJC_IMPLICIT_RETAIN_SELF = YES;
				CLANG_WARN_OBJC_LITERAL_CONVERSION = YES;
				CLANG_WARN_OBJC_ROOT_CLASS = YES_ERROR;
				CLANG_WARN_QUOTED_INCLUDE_IN_FRAMEWORK_HEADER = YES;
				CLANG_WARN_RANGE_LOOP_ANALYSIS = YES;
				CLANG_WARN_STRICT_PROTOTYPES = YES;
				CLANG_WARN_SUSPICIOUS_MOVE = YES;
				CLANG_WARN_UNGUARDED_AVAILABILITY = YES_AGGRESSIVE;
				CLANG_WARN_UNREACHABLE_CODE = YES;
				CLANG_WARN__DUPLICATE_METHOD_MATCH = YES;
				COPY_PHASE_STRIP = NO;
				DEBUG_INFORMATION_FORMAT = dwarf;
				ENABLE_STRICT_OBJC_MSGSEND = YES;
				ENABLE_TESTABILITY = YES;
				GCC_C_LANGUAGE_STANDARD = gnu11;
				GCC_DYNAMIC_NO_PIC = NO;
				GCC_NO_COMMON_BLOCKS = YES;
				GCC_OPTIMIZATION_LEVEL = 0;
				GCC_PREPROCESSOR_DEFINITIONS = (
					"DEBUG=1",
					"$(inherited)",
				);
				GCC_WARN_64_TO_32_BIT_CONVERSION = YES;
				GCC_WARN_ABOUT_RETURN_TYPE = YES_ERROR;
				GCC_WARN_UNDECLARED_SELECTOR = YES;
				GCC_WARN_UNINITIALIZED_AUTOS = YES_AGGRESSIVE;
				GCC_WARN_UNUSED_FUNCTION = YES;
				GCC_WARN_UNUSED_VARIABLE = YES;
				IPHONEOS_DEPLOYMENT_TARGET = 15.4;
				MTL_ENABLE_DEBUG_INFO = INCLUDE_SOURCE;
				MTL_FAST_MATH = YES;
				ONLY_ACTIVE_ARCH = YES;
				SDKROOT = iphoneos;
				SWIFT_ACTIVE_COMPILATION_CONDITIONS = DEBUG;
				SWIFT_OPTIMIZATION_LEVEL = "-Onone";
			};
			name = Debug;
		};
		F290F6492813C8A400C76F9F /* Release */ = {
			isa = XCBuildConfiguration;
			buildSettings = {
				ALWAYS_SEARCH_USER_PATHS = NO;
				CLANG_ANALYZER_NONNULL = YES;
				CLANG_ANALYZER_NUMBER_OBJECT_CONVERSION = YES_AGGRESSIVE;
				CLANG_CXX_LANGUAGE_STANDARD = "gnu++17";
				CLANG_ENABLE_MODULES = YES;
				CLANG_ENABLE_OBJC_ARC = YES;
				CLANG_ENABLE_OBJC_WEAK = YES;
				CLANG_WARN_BLOCK_CAPTURE_AUTORELEASING = YES;
				CLANG_WARN_BOOL_CONVERSION = YES;
				CLANG_WARN_COMMA = YES;
				CLANG_WARN_CONSTANT_CONVERSION = YES;
				CLANG_WARN_DEPRECATED_OBJC_IMPLEMENTATIONS = YES;
				CLANG_WARN_DIRECT_OBJC_ISA_USAGE = YES_ERROR;
				CLANG_WARN_DOCUMENTATION_COMMENTS = YES;
				CLANG_WARN_EMPTY_BODY = YES;
				CLANG_WARN_ENUM_CONVERSION = YES;
				CLANG_WARN_INFINITE_RECURSION = YES;
				CLANG_WARN_INT_CONVERSION = YES;
				CLANG_WARN_NON_LITERAL_NULL_CONVERSION = YES;
				CLANG_WARN_OBJC_IMPLICIT_RETAIN_SELF = YES;
				CLANG_WARN_OBJC_LITERAL_CONVERSION = YES;
				CLANG_WARN_OBJC_ROOT_CLASS = YES_ERROR;
				CLANG_WARN_QUOTED_INCLUDE_IN_FRAMEWORK_HEADER = YES;
				CLANG_WARN_RANGE_LOOP_ANALYSIS = YES;
				CLANG_WARN_STRICT_PROTOTYPES = YES;
				CLANG_WARN_SUSPICIOUS_MOVE = YES;
				CLANG_WARN_UNGUARDED_AVAILABILITY = YES_AGGRESSIVE;
				CLANG_WARN_UNREACHABLE_CODE = YES;
				CLANG_WARN__DUPLICATE_METHOD_MATCH = YES;
				COPY_PHASE_STRIP = NO;
				DEBUG_INFORMATION_FORMAT = "dwarf-with-dsym";
				ENABLE_NS_ASSERTIONS = NO;
				ENABLE_STRICT_OBJC_MSGSEND = YES;
				GCC_C_LANGUAGE_STANDARD = gnu11;
				GCC_NO_COMMON_BLOCKS = YES;
				GCC_WARN_64_TO_32_BIT_CONVERSION = YES;
				GCC_WARN_ABOUT_RETURN_TYPE = YES_ERROR;
				GCC_WARN_UNDECLARED_SELECTOR = YES;
				GCC_WARN_UNINITIALIZED_AUTOS = YES_AGGRESSIVE;
				GCC_WARN_UNUSED_FUNCTION = YES;
				GCC_WARN_UNUSED_VARIABLE = YES;
				IPHONEOS_DEPLOYMENT_TARGET = 15.4;
				MTL_ENABLE_DEBUG_INFO = NO;
				MTL_FAST_MATH = YES;
				SDKROOT = iphoneos;
				SWIFT_COMPILATION_MODE = wholemodule;
				SWIFT_OPTIMIZATION_LEVEL = "-O";
				VALIDATE_PRODUCT = YES;
			};
			name = Release;
		};
		F290F64B2813C8A400C76F9F /* Debug */ = {
			isa = XCBuildConfiguration;
			buildSettings = {
				ASSETCATALOG_COMPILER_APPICON_NAME = AppIcon;
				ASSETCATALOG_COMPILER_GLOBAL_ACCENT_COLOR_NAME = AccentColor;
				CODE_SIGN_STYLE = Automatic;
				CURRENT_PROJECT_VERSION = 1;
				DEVELOPMENT_TEAM = 5JQQ946A44;
				GENERATE_INFOPLIST_FILE = YES;
				INFOPLIST_FILE = "30th-week3-seminar/Info.plist";
				INFOPLIST_KEY_UIApplicationSupportsIndirectInputEvents = YES;
				INFOPLIST_KEY_UILaunchStoryboardName = LaunchScreen;
				INFOPLIST_KEY_UIMainStoryboardFile = Main;
				INFOPLIST_KEY_UISupportedInterfaceOrientations_iPad = "UIInterfaceOrientationPortrait UIInterfaceOrientationPortraitUpsideDown UIInterfaceOrientationLandscapeLeft UIInterfaceOrientationLandscapeRight";
				INFOPLIST_KEY_UISupportedInterfaceOrientations_iPhone = "UIInterfaceOrientationPortrait UIInterfaceOrientationLandscapeLeft UIInterfaceOrientationLandscapeRight";
				LD_RUNPATH_SEARCH_PATHS = (
					"$(inherited)",
					"@executable_path/Frameworks",
				);
				MARKETING_VERSION = 1.0;
				PRODUCT_BUNDLE_IDENTIFIER = "com.hellozo0.-0th-week3-seminar";
				PRODUCT_NAME = "$(TARGET_NAME)";
				SWIFT_EMIT_LOC_STRINGS = YES;
				SWIFT_VERSION = 5.0;
				TARGETED_DEVICE_FAMILY = "1,2";
			};
			name = Debug;
		};
		F290F64C2813C8A400C76F9F /* Release */ = {
			isa = XCBuildConfiguration;
			buildSettings = {
				ASSETCATALOG_COMPILER_APPICON_NAME = AppIcon;
				ASSETCATALOG_COMPILER_GLOBAL_ACCENT_COLOR_NAME = AccentColor;
				CODE_SIGN_STYLE = Automatic;
				CURRENT_PROJECT_VERSION = 1;
				DEVELOPMENT_TEAM = 5JQQ946A44;
				GENERATE_INFOPLIST_FILE = YES;
				INFOPLIST_FILE = "30th-week3-seminar/Info.plist";
				INFOPLIST_KEY_UIApplicationSupportsIndirectInputEvents = YES;
				INFOPLIST_KEY_UILaunchStoryboardName = LaunchScreen;
				INFOPLIST_KEY_UIMainStoryboardFile = Main;
				INFOPLIST_KEY_UISupportedInterfaceOrientations_iPad = "UIInterfaceOrientationPortrait UIInterfaceOrientationPortraitUpsideDown UIInterfaceOrientationLandscapeLeft UIInterfaceOrientationLandscapeRight";
				INFOPLIST_KEY_UISupportedInterfaceOrientations_iPhone = "UIInterfaceOrientationPortrait UIInterfaceOrientationLandscapeLeft UIInterfaceOrientationLandscapeRight";
				LD_RUNPATH_SEARCH_PATHS = (
					"$(inherited)",
					"@executable_path/Frameworks",
				);
				MARKETING_VERSION = 1.0;
				PRODUCT_BUNDLE_IDENTIFIER = "com.hellozo0.-0th-week3-seminar";
				PRODUCT_NAME = "$(TARGET_NAME)";
				SWIFT_EMIT_LOC_STRINGS = YES;
				SWIFT_VERSION = 5.0;
				TARGETED_DEVICE_FAMILY = "1,2";
			};
			name = Release;
		};
/* End XCBuildConfiguration section */

/* Begin XCConfigurationList section */
		F290F6312813C8A200C76F9F /* Build configuration list for PBXProject "30th-week3-seminar" */ = {
			isa = XCConfigurationList;
			buildConfigurations = (
				F290F6482813C8A400C76F9F /* Debug */,
				F290F6492813C8A400C76F9F /* Release */,
			);
			defaultConfigurationIsVisible = 0;
			defaultConfigurationName = Release;
		};
		F290F64A2813C8A400C76F9F /* Build configuration list for PBXNativeTarget "30th-week3-seminar" */ = {
			isa = XCConfigurationList;
			buildConfigurations = (
				F290F64B2813C8A400C76F9F /* Debug */,
				F290F64C2813C8A400C76F9F /* Release */,
			);
			defaultConfigurationIsVisible = 0;
			defaultConfigurationName = Release;
		};
/* End XCConfigurationList section */
	};
	rootObject = F290F62E2813C8A200C76F9F /* Project object */;
}
